
Microsoft Visual Studio Solution File, Format Version 12.00
# Visual Studio Version 16
VisualStudioVersion = 16.0.35325.158
MinimumVisualStudioVersion = 10.0.40219.1
Project("{2150E333-8FDC-42A3-9474-1A3956D46DE8}") = "Date_06_01", "Date_06_01", "{9E657431-A4EE-42A3-B198-744B99C8C821}"
EndProject
Project("{8BC9CEB8-8B4A-11D0-8D11-00A0C91BC942}") = "lexicographicalOrder", "lexicographicalOrder\lexicographicalOrder.vcxproj", "{E49C137D-4809-4E20-BDC9-1F317E12136F}"
EndProject
Project("{8BC9CEB8-8B4A-11D0-8D11-00A0C91BC942}") = "firstUniqChar", "firstUniqChar\firstUniqChar.vcxproj", "{3CBE4BB5-909B-48CB-8008-1FE7EC481740}"
EndProject
Project("{8BC9CEB8-8B4A-11D0-8D11-00A0C91BC942}") = "lengthLongestPath", "lengthLongestPath\lengthLongestPath.vcxproj", "{10ECFAA9-9B3D-49CC-B88D-5CC4FD8E9A97}"
EndProject
Project("{8BC9CEB8-8B4A-11D0-8D11-00A0C91BC942}") = "findTheDifference", "findTheDifference\findTheDifference.vcxproj", "{8372CA84-20CB-42CB-89EA-D65ED6CFB1CB}"
EndProject
Project("{8BC9CEB8-8B4A-11D0-8D11-00A0C91BC942}") = "lastRemaining", "lastRemaining\lastRemaining.vcxproj", "{967E0D58-59B1-4F90-BEAB-4D1B58231BBC}"
EndProject
Project("{8BC9CEB8-8B4A-11D0-8D11-00A0C91BC942}") = "romanToInt", "romanToInt\romanToInt.vcxproj", "{EE415F2C-3BA4-4AAE-BBCC-B5CE78959038}"
EndProject
Project("{8BC9CEB8-8B4A-11D0-8D11-00A0C91BC942}") = "longestCommonPrefix", "longestCommonPrefix\longestCommonPrefix.vcxproj", "{51898944-1FA4-4C41-AD6B-3C57257BB1FF}"
EndProject
Project("{2150E333-8FDC-42A3-9474-1A3956D46DE8}") = "Date_07_01", "Date_07_01", "{900E5D8D-D1AA-4490-81DA-DB4FE38B5AAF}"
EndProject
Project("{8BC9CEB8-8B4A-11D0-8D11-00A0C91BC942}") = "isValid", "isSubsequence\isSubsequence.vcxproj", "{6924D828-CDC6-4AEE-AE17-A1323F3B9F2E}"
EndProject
Project("{8BC9CEB8-8B4A-11D0-8D11-00A0C91BC942}") = "removeDuplicates", "removeDuplicates\removeDuplicates.vcxproj", "{0098A987-9FF2-4E5B-8137-FA964DF8AB91}"
EndProject
Project("{8BC9CEB8-8B4A-11D0-8D11-00A0C91BC942}") = "removeElement", "removeElement\removeElement.vcxproj", "{2B318286-9890-4FB8-B32E-277006DFA816}"
EndProject
Project("{8BC9CEB8-8B4A-11D0-8D11-00A0C91BC942}") = "strStr", "strStr\strStr.vcxproj", "{BBA4EBB2-D82B-4435-AAB0-4599CEDB346A}"
EndProject
Project("{8BC9CEB8-8B4A-11D0-8D11-00A0C91BC942}") = "searchInsert", "searchInsert\searchInsert.vcxproj", "{9B1963B1-4127-461E-9492-E59EE5D45BE9}"
EndProject
Project("{8BC9CEB8-8B4A-11D0-8D11-00A0C91BC942}") = "lengthOfLastWord", "lengthOfLastWord\lengthOfLastWord.vcxproj", "{A9FB984E-CA90-4EBF-A612-CC9FE0479938}"
EndProject
Project("{8BC9CEB8-8B4A-11D0-8D11-00A0C91BC942}") = "plusOne", "plusOne\plusOne.vcxproj", "{DB712E3E-58BF-44C4-AABD-97F30014F8DE}"
EndProject
Project("{8BC9CEB8-8B4A-11D0-8D11-00A0C91BC942}") = "addBinary", "addBinary\addBinary.vcxproj", "{EBF0C596-E8C8-425F-B6C6-F9A63FCA1A8C}"
EndProject
Project("{8BC9CEB8-8B4A-11D0-8D11-00A0C91BC942}") = "mySqrt", "mySqrt\mySqrt.vcxproj", "{0BEB65B2-5971-4B8F-AD05-3AB3C0D7F423}"
EndProject
Project("{8BC9CEB8-8B4A-11D0-8D11-00A0C91BC942}") = "climbStairs", "climbStairs\climbStairs.vcxproj", "{C0F3447D-DF90-4A09-8AB9-05E37881E950}"
EndProject
Global
	GlobalSection(SolutionConfigurationPlatforms) = preSolution
		Debug|x64 = Debug|x64
		Debug|x86 = Debug|x86
		Release|x64 = Release|x64
		Release|x86 = Release|x86
	EndGlobalSection
	GlobalSection(ProjectConfigurationPlatforms) = postSolution
		{E49C137D-4809-4E20-BDC9-1F317E12136F}.Debug|x64.ActiveCfg = Debug|x64
		{E49C137D-4809-4E20-BDC9-1F317E12136F}.Debug|x64.Build.0 = Debug|x64
		{E49C137D-4809-4E20-BDC9-1F317E12136F}.Debug|x86.ActiveCfg = Debug|Win32
		{E49C137D-4809-4E20-BDC9-1F317E12136F}.Debug|x86.Build.0 = Debug|Win32
		{E49C137D-4809-4E20-BDC9-1F317E12136F}.Release|x64.ActiveCfg = Release|x64
		{E49C137D-4809-4E20-BDC9-1F317E12136F}.Release|x64.Build.0 = Release|x64
		{E49C137D-4809-4E20-BDC9-1F317E12136F}.Release|x86.ActiveCfg = Release|Win32
		{E49C137D-4809-4E20-BDC9-1F317E12136F}.Release|x86.Build.0 = Release|Win32
		{3CBE4BB5-909B-48CB-8008-1FE7EC481740}.Debug|x64.ActiveCfg = Debug|x64
		{3CBE4BB5-909B-48CB-8008-1FE7EC481740}.Debug|x64.Build.0 = Debug|x64
		{3CBE4BB5-909B-48CB-8008-1FE7EC481740}.Debug|x86.ActiveCfg = Debug|Win32
		{3CBE4BB5-909B-48CB-8008-1FE7EC481740}.Debug|x86.Build.0 = Debug|Win32
		{3CBE4BB5-909B-48CB-8008-1FE7EC481740}.Release|x64.ActiveCfg = Release|x64
		{3CBE4BB5-909B-48CB-8008-1FE7EC481740}.Release|x64.Build.0 = Release|x64
		{3CBE4BB5-909B-48CB-8008-1FE7EC481740}.Release|x86.ActiveCfg = Release|Win32
		{3CBE4BB5-909B-48CB-8008-1FE7EC481740}.Release|x86.Build.0 = Release|Win32
		{10ECFAA9-9B3D-49CC-B88D-5CC4FD8E9A97}.Debug|x64.ActiveCfg = Debug|x64
		{10ECFAA9-9B3D-49CC-B88D-5CC4FD8E9A97}.Debug|x64.Build.0 = Debug|x64
		{10ECFAA9-9B3D-49CC-B88D-5CC4FD8E9A97}.Debug|x86.ActiveCfg = Debug|Win32
		{10ECFAA9-9B3D-49CC-B88D-5CC4FD8E9A97}.Debug|x86.Build.0 = Debug|Win32
		{10ECFAA9-9B3D-49CC-B88D-5CC4FD8E9A97}.Release|x64.ActiveCfg = Release|x64
		{10ECFAA9-9B3D-49CC-B88D-5CC4FD8E9A97}.Release|x64.Build.0 = Release|x64
		{10ECFAA9-9B3D-49CC-B88D-5CC4FD8E9A97}.Release|x86.ActiveCfg = Release|Win32
		{10ECFAA9-9B3D-49CC-B88D-5CC4FD8E9A97}.Release|x86.Build.0 = Release|Win32
		{8372CA84-20CB-42CB-89EA-D65ED6CFB1CB}.Debug|x64.ActiveCfg = Debug|x64
		{8372CA84-20CB-42CB-89EA-D65ED6CFB1CB}.Debug|x64.Build.0 = Debug|x64
		{8372CA84-20CB-42CB-89EA-D65ED6CFB1CB}.Debug|x86.ActiveCfg = Debug|Win32
		{8372CA84-20CB-42CB-89EA-D65ED6CFB1CB}.Debug|x86.Build.0 = Debug|Win32
		{8372CA84-20CB-42CB-89EA-D65ED6CFB1CB}.Release|x64.ActiveCfg = Release|x64
		{8372CA84-20CB-42CB-89EA-D65ED6CFB1CB}.Release|x64.Build.0 = Release|x64
		{8372CA84-20CB-42CB-89EA-D65ED6CFB1CB}.Release|x86.ActiveCfg = Release|Win32
		{8372CA84-20CB-42CB-89EA-D65ED6CFB1CB}.Release|x86.Build.0 = Release|Win32
		{967E0D58-59B1-4F90-BEAB-4D1B58231BBC}.Debug|x64.ActiveCfg = Debug|x64
		{967E0D58-59B1-4F90-BEAB-4D1B58231BBC}.Debug|x64.Build.0 = Debug|x64
		{967E0D58-59B1-4F90-BEAB-4D1B58231BBC}.Debug|x86.ActiveCfg = Debug|Win32
		{967E0D58-59B1-4F90-BEAB-4D1B58231BBC}.Debug|x86.Build.0 = Debug|Win32
		{967E0D58-59B1-4F90-BEAB-4D1B58231BBC}.Release|x64.ActiveCfg = Release|x64
		{967E0D58-59B1-4F90-BEAB-4D1B58231BBC}.Release|x64.Build.0 = Release|x64
		{967E0D58-59B1-4F90-BEAB-4D1B58231BBC}.Release|x86.ActiveCfg = Release|Win32
		{967E0D58-59B1-4F90-BEAB-4D1B58231BBC}.Release|x86.Build.0 = Release|Win32
		{EE415F2C-3BA4-4AAE-BBCC-B5CE78959038}.Debug|x64.ActiveCfg = Debug|x64
		{EE415F2C-3BA4-4AAE-BBCC-B5CE78959038}.Debug|x64.Build.0 = Debug|x64
		{EE415F2C-3BA4-4AAE-BBCC-B5CE78959038}.Debug|x86.ActiveCfg = Debug|Win32
		{EE415F2C-3BA4-4AAE-BBCC-B5CE78959038}.Debug|x86.Build.0 = Debug|Win32
		{EE415F2C-3BA4-4AAE-BBCC-B5CE78959038}.Release|x64.ActiveCfg = Release|x64
		{EE415F2C-3BA4-4AAE-BBCC-B5CE78959038}.Release|x64.Build.0 = Release|x64
		{EE415F2C-3BA4-4AAE-BBCC-B5CE78959038}.Release|x86.ActiveCfg = Release|Win32
		{EE415F2C-3BA4-4AAE-BBCC-B5CE78959038}.Release|x86.Build.0 = Release|Win32
		{51898944-1FA4-4C41-AD6B-3C57257BB1FF}.Debug|x64.ActiveCfg = Debug|x64
		{51898944-1FA4-4C41-AD6B-3C57257BB1FF}.Debug|x64.Build.0 = Debug|x64
		{51898944-1FA4-4C41-AD6B-3C57257BB1FF}.Debug|x86.ActiveCfg = Debug|Win32
		{51898944-1FA4-4C41-AD6B-3C57257BB1FF}.Debug|x86.Build.0 = Debug|Win32
		{51898944-1FA4-4C41-AD6B-3C57257BB1FF}.Release|x64.ActiveCfg = Release|x64
		{51898944-1FA4-4C41-AD6B-3C57257BB1FF}.Release|x64.Build.0 = Release|x64
		{51898944-1FA4-4C41-AD6B-3C57257BB1FF}.Release|x86.ActiveCfg = Release|Win32
		{51898944-1FA4-4C41-AD6B-3C57257BB1FF}.Release|x86.Build.0 = Release|Win32
		{6924D828-CDC6-4AEE-AE17-A1323F3B9F2E}.Debug|x64.ActiveCfg = Debug|x64
		{6924D828-CDC6-4AEE-AE17-A1323F3B9F2E}.Debug|x64.Build.0 = Debug|x64
		{6924D828-CDC6-4AEE-AE17-A1323F3B9F2E}.Debug|x86.ActiveCfg = Debug|Win32
		{6924D828-CDC6-4AEE-AE17-A1323F3B9F2E}.Debug|x86.Build.0 = Debug|Win32
		{6924D828-CDC6-4AEE-AE17-A1323F3B9F2E}.Release|x64.ActiveCfg = Release|x64
		{6924D828-CDC6-4AEE-AE17-A1323F3B9F2E}.Release|x64.Build.0 = Release|x64
		{6924D828-CDC6-4AEE-AE17-A1323F3B9F2E}.Release|x86.ActiveCfg = Release|Win32
		{6924D828-CDC6-4AEE-AE17-A1323F3B9F2E}.Release|x86.Build.0 = Release|Win32
		{0098A987-9FF2-4E5B-8137-FA964DF8AB91}.Debug|x64.ActiveCfg = Debug|x64
		{0098A987-9FF2-4E5B-8137-FA964DF8AB91}.Debug|x64.Build.0 = Debug|x64
		{0098A987-9FF2-4E5B-8137-FA964DF8AB91}.Debug|x86.ActiveCfg = Debug|Win32
		{0098A987-9FF2-4E5B-8137-FA964DF8AB91}.Debug|x86.Build.0 = Debug|Win32
		{0098A987-9FF2-4E5B-8137-FA964DF8AB91}.Release|x64.ActiveCfg = Release|x64
		{0098A987-9FF2-4E5B-8137-FA964DF8AB91}.Release|x64.Build.0 = Release|x64
		{0098A987-9FF2-4E5B-8137-FA964DF8AB91}.Release|x86.ActiveCfg = Release|Win32
		{0098A987-9FF2-4E5B-8137-FA964DF8AB91}.Release|x86.Build.0 = Release|Win32
		{2B318286-9890-4FB8-B32E-277006DFA816}.Debug|x64.ActiveCfg = Debug|x64
		{2B318286-9890-4FB8-B32E-277006DFA816}.Debug|x64.Build.0 = Debug|x64
		{2B318286-9890-4FB8-B32E-277006DFA816}.Debug|x86.ActiveCfg = Debug|Win32
		{2B318286-9890-4FB8-B32E-277006DFA816}.Debug|x86.Build.0 = Debug|Win32
		{2B318286-9890-4FB8-B32E-277006DFA816}.Release|x64.ActiveCfg = Release|x64
		{2B318286-9890-4FB8-B32E-277006DFA816}.Release|x64.Build.0 = Release|x64
		{2B318286-9890-4FB8-B32E-277006DFA816}.Release|x86.ActiveCfg = Release|Win32
		{2B318286-9890-4FB8-B32E-277006DFA816}.Release|x86.Build.0 = Release|Win32
		{BBA4EBB2-D82B-4435-AAB0-4599CEDB346A}.Debug|x64.ActiveCfg = Debug|x64
		{BBA4EBB2-D82B-4435-AAB0-4599CEDB346A}.Debug|x64.Build.0 = Debug|x64
		{BBA4EBB2-D82B-4435-AAB0-4599CEDB346A}.Debug|x86.ActiveCfg = Debug|Win32
		{BBA4EBB2-D82B-4435-AAB0-4599CEDB346A}.Debug|x86.Build.0 = Debug|Win32
		{BBA4EBB2-D82B-4435-AAB0-4599CEDB346A}.Release|x64.ActiveCfg = Release|x64
		{BBA4EBB2-D82B-4435-AAB0-4599CEDB346A}.Release|x64.Build.0 = Release|x64
		{BBA4EBB2-D82B-4435-AAB0-4599CEDB346A}.Release|x86.ActiveCfg = Release|Win32
		{BBA4EBB2-D82B-4435-AAB0-4599CEDB346A}.Release|x86.Build.0 = Release|Win32
		{9B1963B1-4127-461E-9492-E59EE5D45BE9}.Debug|x64.ActiveCfg = Debug|x64
		{9B1963B1-4127-461E-9492-E59EE5D45BE9}.Debug|x64.Build.0 = Debug|x64
		{9B1963B1-4127-461E-9492-E59EE5D45BE9}.Debug|x86.ActiveCfg = Debug|Win32
		{9B1963B1-4127-461E-9492-E59EE5D45BE9}.Debug|x86.Build.0 = Debug|Win32
		{9B1963B1-4127-461E-9492-E59EE5D45BE9}.Release|x64.ActiveCfg = Release|x64
		{9B1963B1-4127-461E-9492-E59EE5D45BE9}.Release|x64.Build.0 = Release|x64
		{9B1963B1-4127-461E-9492-E59EE5D45BE9}.Release|x86.ActiveCfg = Release|Win32
		{9B1963B1-4127-461E-9492-E59EE5D45BE9}.Release|x86.Build.0 = Release|Win32
		{A9FB984E-CA90-4EBF-A612-CC9FE0479938}.Debug|x64.ActiveCfg = Debug|x64
		{A9FB984E-CA90-4EBF-A612-CC9FE0479938}.Debug|x64.Build.0 = Debug|x64
		{A9FB984E-CA90-4EBF-A612-CC9FE0479938}.Debug|x86.ActiveCfg = Debug|Win32
		{A9FB984E-CA90-4EBF-A612-CC9FE0479938}.Debug|x86.Build.0 = Debug|Win32
		{A9FB984E-CA90-4EBF-A612-CC9FE0479938}.Release|x64.ActiveCfg = Release|x64
		{A9FB984E-CA90-4EBF-A612-CC9FE0479938}.Release|x64.Build.0 = Release|x64
		{A9FB984E-CA90-4EBF-A612-CC9FE0479938}.Release|x86.ActiveCfg = Release|Win32
		{A9FB984E-CA90-4EBF-A612-CC9FE0479938}.Release|x86.Build.0 = Release|Win32
		{DB712E3E-58BF-44C4-AABD-97F30014F8DE}.Debug|x64.ActiveCfg = Debug|x64
		{DB712E3E-58BF-44C4-AABD-97F30014F8DE}.Debug|x64.Build.0 = Debug|x64
		{DB712E3E-58BF-44C4-AABD-97F30014F8DE}.Debug|x86.ActiveCfg = Debug|Win32
		{DB712E3E-58BF-44C4-AABD-97F30014F8DE}.Debug|x86.Build.0 = Debug|Win32
		{DB712E3E-58BF-44C4-AABD-97F30014F8DE}.Release|x64.ActiveCfg = Release|x64
		{DB712E3E-58BF-44C4-AABD-97F30014F8DE}.Release|x64.Build.0 = Release|x64
		{DB712E3E-58BF-44C4-AABD-97F30014F8DE}.Release|x86.ActiveCfg = Release|Win32
		{DB712E3E-58BF-44C4-AABD-97F30014F8DE}.Release|x86.Build.0 = Release|Win32
		{EBF0C596-E8C8-425F-B6C6-F9A63FCA1A8C}.Debug|x64.ActiveCfg = Debug|x64
		{EBF0C596-E8C8-425F-B6C6-F9A63FCA1A8C}.Debug|x64.Build.0 = Debug|x64
		{EBF0C596-E8C8-425F-B6C6-F9A63FCA1A8C}.Debug|x86.ActiveCfg = Debug|Win32
		{EBF0C596-E8C8-425F-B6C6-F9A63FCA1A8C}.Debug|x86.Build.0 = Debug|Win32
		{EBF0C596-E8C8-425F-B6C6-F9A63FCA1A8C}.Release|x64.ActiveCfg = Release|x64
		{EBF0C596-E8C8-425F-B6C6-F9A63FCA1A8C}.Release|x64.Build.0 = Release|x64
		{EBF0C596-E8C8-425F-B6C6-F9A63FCA1A8C}.Release|x86.ActiveCfg = Release|Win32
		{EBF0C596-E8C8-425F-B6C6-F9A63FCA1A8C}.Release|x86.Build.0 = Release|Win32
		{0BEB65B2-5971-4B8F-AD05-3AB3C0D7F423}.Debug|x64.ActiveCfg = Debug|x64
		{0BEB65B2-5971-4B8F-AD05-3AB3C0D7F423}.Debug|x64.Build.0 = Debug|x64
		{0BEB65B2-5971-4B8F-AD05-3AB3C0D7F423}.Debug|x86.ActiveCfg = Debug|Win32
		{0BEB65B2-5971-4B8F-AD05-3AB3C0D7F423}.Debug|x86.Build.0 = Debug|Win32
		{0BEB65B2-5971-4B8F-AD05-3AB3C0D7F423}.Release|x64.ActiveCfg = Release|x64
		{0BEB65B2-5971-4B8F-AD05-3AB3C0D7F423}.Release|x64.Build.0 = Release|x64
		{0BEB65B2-5971-4B8F-AD05-3AB3C0D7F423}.Release|x86.ActiveCfg = Release|Win32
		{0BEB65B2-5971-4B8F-AD05-3AB3C0D7F423}.Release|x86.Build.0 = Release|Win32
		{C0F3447D-DF90-4A09-8AB9-05E37881E950}.Debug|x64.ActiveCfg = Debug|x64
		{C0F3447D-DF90-4A09-8AB9-05E37881E950}.Debug|x64.Build.0 = Debug|x64
		{C0F3447D-DF90-4A09-8AB9-05E37881E950}.Debug|x86.ActiveCfg = Debug|Win32
		{C0F3447D-DF90-4A09-8AB9-05E37881E950}.Debug|x86.Build.0 = Debug|Win32
		{C0F3447D-DF90-4A09-8AB9-05E37881E950}.Release|x64.ActiveCfg = Release|x64
		{C0F3447D-DF90-4A09-8AB9-05E37881E950}.Release|x64.Build.0 = Release|x64
		{C0F3447D-DF90-4A09-8AB9-05E37881E950}.Release|x86.ActiveCfg = Release|Win32
		{C0F3447D-DF90-4A09-8AB9-05E37881E950}.Release|x86.Build.0 = Release|Win32
	EndGlobalSection
	GlobalSection(SolutionProperties) = preSolution
		HideSolutionNode = FALSE
	EndGlobalSection
	GlobalSection(NestedProjects) = preSolution
		{E49C137D-4809-4E20-BDC9-1F317E12136F} = {9E657431-A4EE-42A3-B198-744B99C8C821}
		{3CBE4BB5-909B-48CB-8008-1FE7EC481740} = {9E657431-A4EE-42A3-B198-744B99C8C821}
		{10ECFAA9-9B3D-49CC-B88D-5CC4FD8E9A97} = {9E657431-A4EE-42A3-B198-744B99C8C821}
		{8372CA84-20CB-42CB-89EA-D65ED6CFB1CB} = {9E657431-A4EE-42A3-B198-744B99C8C821}
		{967E0D58-59B1-4F90-BEAB-4D1B58231BBC} = {9E657431-A4EE-42A3-B198-744B99C8C821}
		{EE415F2C-3BA4-4AAE-BBCC-B5CE78959038} = {9E657431-A4EE-42A3-B198-744B99C8C821}
		{51898944-1FA4-4C41-AD6B-3C57257BB1FF} = {9E657431-A4EE-42A3-B198-744B99C8C821}
		{6924D828-CDC6-4AEE-AE17-A1323F3B9F2E} = {900E5D8D-D1AA-4490-81DA-DB4FE38B5AAF}
		{0098A987-9FF2-4E5B-8137-FA964DF8AB91} = {900E5D8D-D1AA-4490-81DA-DB4FE38B5AAF}
		{2B318286-9890-4FB8-B32E-277006DFA816} = {900E5D8D-D1AA-4490-81DA-DB4FE38B5AAF}
		{BBA4EBB2-D82B-4435-AAB0-4599CEDB346A} = {900E5D8D-D1AA-4490-81DA-DB4FE38B5AAF}
		{9B1963B1-4127-461E-9492-E59EE5D45BE9} = {900E5D8D-D1AA-4490-81DA-DB4FE38B5AAF}
		{A9FB984E-CA90-4EBF-A612-CC9FE0479938} = {900E5D8D-D1AA-4490-81DA-DB4FE38B5AAF}
		{DB712E3E-58BF-44C4-AABD-97F30014F8DE} = {900E5D8D-D1AA-4490-81DA-DB4FE38B5AAF}
		{EBF0C596-E8C8-425F-B6C6-F9A63FCA1A8C} = {900E5D8D-D1AA-4490-81DA-DB4FE38B5AAF}
		{0BEB65B2-5971-4B8F-AD05-3AB3C0D7F423} = {900E5D8D-D1AA-4490-81DA-DB4FE38B5AAF}
		{C0F3447D-DF90-4A09-8AB9-05E37881E950} = {900E5D8D-D1AA-4490-81DA-DB4FE38B5AAF}
	EndGlobalSection
	GlobalSection(ExtensibilityGlobals) = postSolution
		SolutionGuid = {7DEABC78-F0BD-45EA-A674-5B4ECFFB9A89}
	EndGlobalSection
EndGlobal
