
Microsoft Visual Studio Solution File, Format Version 12.00
# Visual Studio Version 16
VisualStudioVersion = 16.0.35325.158
MinimumVisualStudioVersion = 10.0.40219.1
Project("{2150E333-8FDC-42A3-9474-1A3956D46DE8}") = "Date_06_01", "Date_06_01", "{9E657431-A4EE-42A3-B198-744B99C8C821}"
EndProject
Project("{8BC9CEB8-8B4A-11D0-8D11-00A0C91BC942}") = "lexicographicalOrder", "lexicographicalOrder\lexicographicalOrder.vcxproj", "{E49C137D-4809-4E20-BDC9-1F317E12136F}"
EndProject
Project("{8BC9CEB8-8B4A-11D0-8D11-00A0C91BC942}") = "firstUniqChar", "firstUniqChar\firstUniqChar.vcxproj", "{3CBE4BB5-909B-48CB-8008-1FE7EC481740}"
EndProject
Project("{8BC9CEB8-8B4A-11D0-8D11-00A0C91BC942}") = "lengthLongestPath", "lengthLongestPath\lengthLongestPath.vcxproj", "{10ECFAA9-9B3D-49CC-B88D-5CC4FD8E9A97}"
EndProject
Project("{8BC9CEB8-8B4A-11D0-8D11-00A0C91BC942}") = "findTheDifference", "findTheDifference\findTheDifference.vcxproj", "{8372CA84-20CB-42CB-89EA-D65ED6CFB1CB}"
EndProject
Project("{8BC9CEB8-8B4A-11D0-8D11-00A0C91BC942}") = "lastRemaining", "lastRemaining\lastRemaining.vcxproj", "{967E0D58-59B1-4F90-BEAB-4D1B58231BBC}"
EndProject
Project("{8BC9CEB8-8B4A-11D0-8D11-00A0C91BC942}") = "romanToInt", "romanToInt\romanToInt.vcxproj", "{EE415F2C-3BA4-4AAE-BBCC-B5CE78959038}"
EndProject
Project("{8BC9CEB8-8B4A-11D0-8D11-00A0C91BC942}") = "longestCommonPrefix", "longestCommonPrefix\longestCommonPrefix.vcxproj", "{51898944-1FA4-4C41-AD6B-3C57257BB1FF}"
EndProject
Project("{2150E333-8FDC-42A3-9474-1A3956D46DE8}") = "Date_07_01", "Date_07_01", "{900E5D8D-D1AA-4490-81DA-DB4FE38B5AAF}"
EndProject
Project("{8BC9CEB8-8B4A-11D0-8D11-00A0C91BC942}") = "isValid", "isSubsequence\isSubsequence.vcxproj", "{6924D828-CDC6-4AEE-AE17-A1323F3B9F2E}"
EndProject
Project("{8BC9CEB8-8B4A-11D0-8D11-00A0C91BC942}") = "removeDuplicates", "removeDuplicates\removeDuplicates.vcxproj", "{0098A987-9FF2-4E5B-8137-FA964DF8AB91}"
EndProject
Project("{8BC9CEB8-8B4A-11D0-8D11-00A0C91BC942}") = "removeElement", "removeElement\removeElement.vcxproj", "{2B318286-9890-4FB8-B32E-277006DFA816}"
EndProject
Project("{8BC9CEB8-8B4A-11D0-8D11-00A0C91BC942}") = "strStr", "strStr\strStr.vcxproj", "{BBA4EBB2-D82B-4435-AAB0-4599CEDB346A}"
EndProject
Project("{8BC9CEB8-8B4A-11D0-8D11-00A0C91BC942}") = "searchInsert", "searchInsert\searchInsert.vcxproj", "{9B1963B1-4127-461E-9492-E59EE5D45BE9}"
EndProject
Project("{8BC9CEB8-8B4A-11D0-8D11-00A0C91BC942}") = "lengthOfLastWord", "lengthOfLastWord\lengthOfLastWord.vcxproj", "{A9FB984E-CA90-4EBF-A612-CC9FE0479938}"
EndProject
Project("{8BC9CEB8-8B4A-11D0-8D11-00A0C91BC942}") = "plusOne", "plusOne\plusOne.vcxproj", "{DB712E3E-58BF-44C4-AABD-97F30014F8DE}"
EndProject
Project("{8BC9CEB8-8B4A-11D0-8D11-00A0C91BC942}") = "addBinary", "addBinary\addBinary.vcxproj", "{EBF0C596-E8C8-425F-B6C6-F9A63FCA1A8C}"
EndProject
Project("{8BC9CEB8-8B4A-11D0-8D11-00A0C91BC942}") = "mySqrt", "mySqrt\mySqrt.vcxproj", "{0BEB65B2-5971-4B8F-AD05-3AB3C0D7F423}"
EndProject
Project("{8BC9CEB8-8B4A-11D0-8D11-00A0C91BC942}") = "climbStairs", "climbStairs\climbStairs.vcxproj", "{C0F3447D-DF90-4A09-8AB9-05E37881E950}"
EndProject
Project("{2150E333-8FDC-42A3-9474-1A3956D46DE8}") = "Date_08_01", "Date_08_01", "{256CB370-375E-4A12-B91C-5853C4B6699B}"
EndProject
Project("{8BC9CEB8-8B4A-11D0-8D11-00A0C91BC942}") = "removeDuplicatesFromSortedList", "removeDuplicatesFromSortedList\removeDuplicatesFromSortedList.vcxproj", "{738AB943-2F13-44CC-8453-A41D48121A71}"
EndProject
Project("{8BC9CEB8-8B4A-11D0-8D11-00A0C91BC942}") = "mergeSortedArray", "mergeSortedArray\mergeSortedArray.vcxproj", "{963861AD-C1F9-4E4A-AA4C-E14DA5ACB189}"
EndProject
Project("{8BC9CEB8-8B4A-11D0-8D11-00A0C91BC942}") = "binaryTreeInorderTraversal", "binaryTreeInorderTraversal\binaryTreeInorderTraversal.vcxproj", "{96CF10CE-D90C-4FFB-8F4D-B6A8F94B9E9F}"
EndProject
Project("{8BC9CEB8-8B4A-11D0-8D11-00A0C91BC942}") = "sameTree", "sameTree\sameTree.vcxproj", "{30E11298-93BE-4701-8FC7-0DB3D68021D3}"
EndProject
Project("{8BC9CEB8-8B4A-11D0-8D11-00A0C91BC942}") = "symmetricTree", "symmetricTree\symmetricTree.vcxproj", "{4D08BE00-F644-4DA9-80E2-3DA5A5C9C717}"
EndProject
Project("{8BC9CEB8-8B4A-11D0-8D11-00A0C91BC942}") = "maximumDepthOfBinaryTree", "maximumDepthOfBinaryTree\maximumDepthOfBinaryTree.vcxproj", "{7E2E7A8E-5ED5-4F26-AB1D-E6D7300ED8B6}"
EndProject
Project("{8BC9CEB8-8B4A-11D0-8D11-00A0C91BC942}") = "convertSortedArrayToBinarySearchTree", "convertSortedArrayToBinarySearchTree\convertSortedArrayToBinarySearchTree.vcxproj", "{C2335B08-D726-4E71-A327-16E4A6207698}"
EndProject
Project("{8BC9CEB8-8B4A-11D0-8D11-00A0C91BC942}") = "balancedBinaryTree", "balancedBinaryTree\balancedBinaryTree.vcxproj", "{28DB57B0-D5BA-4A16-A168-C64DF2FD3AE4}"
EndProject
Project("{8BC9CEB8-8B4A-11D0-8D11-00A0C91BC942}") = "minimumDepthOfBinaryTree", "minimumDepthOfBinaryTree\minimumDepthOfBinaryTree.vcxproj", "{5034118A-59BB-4129-BF52-E7EEAA8D6E68}"
EndProject
Project("{8BC9CEB8-8B4A-11D0-8D11-00A0C91BC942}") = "pathSum", "pathSum\pathSum.vcxproj", "{7F73C754-B054-4BD7-8640-DB03156F1D53}"
EndProject
Project("{8BC9CEB8-8B4A-11D0-8D11-00A0C91BC942}") = "pascalsTriangle", "pascalsTriangle\pascalsTriangle.vcxproj", "{7AD6E5A3-9918-4B05-A6FB-EA7BAD8423DB}"
EndProject
Project("{8BC9CEB8-8B4A-11D0-8D11-00A0C91BC942}") = "pascalsTriangleII", "pascalsTriangleII\pascalsTriangleII.vcxproj", "{74C19B08-712F-4586-9E6B-69E5F4E54A14}"
EndProject
Project("{8BC9CEB8-8B4A-11D0-8D11-00A0C91BC942}") = "bestTimeToBuyAndSellStock", "bestTimeToBuyAndSellStock\bestTimeToBuyAndSellStock.vcxproj", "{7E245642-E1E8-4A3B-8219-9152354DA205}"
EndProject
Project("{8BC9CEB8-8B4A-11D0-8D11-00A0C91BC942}") = "validPalindrome", "validPalindrome\validPalindrome.vcxproj", "{411C8A01-3F5E-4186-8AFD-8F9BD03BB573}"
EndProject
Project("{8BC9CEB8-8B4A-11D0-8D11-00A0C91BC942}") = "singleNumber", "singleNumber\singleNumber.vcxproj", "{39563DAC-3FDE-42DD-8645-82F694CC6C26}"
EndProject
Project("{8BC9CEB8-8B4A-11D0-8D11-00A0C91BC942}") = "linkedListCycle", "linkedListCycle\linkedListCycle.vcxproj", "{46E3D63B-3963-42F0-835B-182AE6669C64}"
EndProject
Project("{8BC9CEB8-8B4A-11D0-8D11-00A0C91BC942}") = "binaryTreePreorderTraversal", "binaryTreePreorderTraversal\binaryTreePreorderTraversal.vcxproj", "{D51C4AD5-8386-4677-B7FC-7B93A216AE51}"
EndProject
Project("{8BC9CEB8-8B4A-11D0-8D11-00A0C91BC942}") = "binaryTreePostorderTraversal", "binaryTreePostorderTraversal\binaryTreePostorderTraversal.vcxproj", "{874FB9EC-7672-4611-A53A-B80F6434F740}"
EndProject
Project("{8BC9CEB8-8B4A-11D0-8D11-00A0C91BC942}") = "intersectionOfTwoLinkedLists", "intersectionOfTwoLinkedLists\intersectionOfTwoLinkedLists.vcxproj", "{1EBF888B-0AEB-4E36-AFF5-2AF3C05AB14C}"
EndProject
Project("{8BC9CEB8-8B4A-11D0-8D11-00A0C91BC942}") = "excelSheetColumnTitle", "excelSheetColumnTitle\excelSheetColumnTitle.vcxproj", "{125C0C8C-8C67-4959-8779-15F6D769060D}"
EndProject
Project("{8BC9CEB8-8B4A-11D0-8D11-00A0C91BC942}") = "majorityElement", "majorityElement\majorityElement.vcxproj", "{B06F54A4-F712-442B-88CF-FD3B16958DEC}"
EndProject
Project("{8BC9CEB8-8B4A-11D0-8D11-00A0C91BC942}") = "reverseBits", "reverseBits\reverseBits.vcxproj", "{16BC033E-6152-4756-9DA1-1030A92C892C}"
EndProject
Project("{8BC9CEB8-8B4A-11D0-8D11-00A0C91BC942}") = "numberOf_1_Bits", "numberOf_1_Bits\numberOf_1_Bits.vcxproj", "{996F6F92-026D-4EF9-B3C9-53378855D253}"
EndProject
Project("{2150E333-8FDC-42A3-9474-1A3956D46DE8}") = "Date_10_01", "Date_10_01", "{E7EA35CC-42F2-4EE5-B633-0D442F4CC73B}"
EndProject
Project("{8BC9CEB8-8B4A-11D0-8D11-00A0C91BC942}") = "happyNumber", "happyNumber\happyNumber.vcxproj", "{3EBE763C-8D2D-47D4-90E8-C7B758EBC5F1}"
EndProject
Project("{8BC9CEB8-8B4A-11D0-8D11-00A0C91BC942}") = "removeLinkedListElements", "removeLinkedListElements\removeLinkedListElements.vcxproj", "{BF4C32BA-F1F2-44F0-8F91-506BFE977FA9}"
EndProject
Project("{8BC9CEB8-8B4A-11D0-8D11-00A0C91BC942}") = "isomorphicStrings", "isomorphicStrings\isomorphicStrings.vcxproj", "{D12D91E0-26FD-4736-AC9B-40C536054197}"
EndProject
Project("{2150E333-8FDC-42A3-9474-1A3956D46DE8}") = "Date_11_01", "Date_11_01", "{B6CE3467-54BC-4EE3-98B1-A8FA43306F1C}"
EndProject
Project("{8BC9CEB8-8B4A-11D0-8D11-00A0C91BC942}") = "reverseLinkedList", "reverseLinkedList\reverseLinkedList.vcxproj", "{E8CD4AF7-050F-4260-995B-37F1E58A1E9E}"
EndProject
Project("{8BC9CEB8-8B4A-11D0-8D11-00A0C91BC942}") = "containsDuplicate", "containsDuplicate\containsDuplicate.vcxproj", "{16D56A89-1A81-49F7-9342-CA7DC1557D64}"
EndProject
Project("{8BC9CEB8-8B4A-11D0-8D11-00A0C91BC942}") = "containsDuplicateII", "containsDuplicateII\containsDuplicateII.vcxproj", "{2C4FDD35-DB7D-48E4-A062-5ECA314E0295}"
EndProject
Project("{8BC9CEB8-8B4A-11D0-8D11-00A0C91BC942}") = "countCompleteTreeNodes", "countCompleteTreeNodes\countCompleteTreeNodes.vcxproj", "{0A9D07A7-7E15-447D-B87F-F5588E2B3EDA}"
EndProject
Project("{8BC9CEB8-8B4A-11D0-8D11-00A0C91BC942}") = "implementStackUsingQueues", "implementStackUsingQueues\implementStackUsingQueues.vcxproj", "{92C82C93-A0E7-4FAF-BD3E-80CF5E1627F2}"
EndProject
Project("{8BC9CEB8-8B4A-11D0-8D11-00A0C91BC942}") = "invertBinaryTree", "invertBinaryTree\invertBinaryTree.vcxproj", "{3F05DA76-C818-4707-80D3-041236702EBD}"
EndProject
Project("{8BC9CEB8-8B4A-11D0-8D11-00A0C91BC942}") = "summaryRanges", "summaryRanges\summaryRanges.vcxproj", "{E7436D8C-67A0-4BA1-8999-61BE1DCFB6C3}"
EndProject
Project("{8BC9CEB8-8B4A-11D0-8D11-00A0C91BC942}") = "PowerOfTwo", "PowerOfTwo\PowerOfTwo.vcxproj", "{8E48D498-51B1-4909-9CBE-995AE793571F}"
EndProject
Project("{8BC9CEB8-8B4A-11D0-8D11-00A0C91BC942}") = "implementQueueUsingStacks", "implementQueueUsingStacks\implementQueueUsingStacks.vcxproj", "{F019FDB0-7F88-4437-8925-143DA543AFF2}"
EndProject
Project("{8BC9CEB8-8B4A-11D0-8D11-00A0C91BC942}") = "palindromeLinkedList", "palindromeLinkedList\palindromeLinkedList.vcxproj", "{309880F1-5A8B-4801-9787-EC17D2D66DAF}"
EndProject
Project("{8BC9CEB8-8B4A-11D0-8D11-00A0C91BC942}") = "validAnagram", "validAnagram\validAnagram.vcxproj", "{74062897-AA2D-436A-9A42-E1EF3DFFB328}"
EndProject
Project("{8BC9CEB8-8B4A-11D0-8D11-00A0C91BC942}") = "binaryTreePaths", "binaryTreePaths\binaryTreePaths.vcxproj", "{34D40DDE-4F79-4E20-86EA-852EF3F68D25}"
EndProject
Project("{8BC9CEB8-8B4A-11D0-8D11-00A0C91BC942}") = "addDigits", "addDigits\addDigits.vcxproj", "{F1B7C1B1-5A5A-4D16-A23F-48F324F28415}"
EndProject
Project("{8BC9CEB8-8B4A-11D0-8D11-00A0C91BC942}") = "uglyNumber", "uglyNumber\uglyNumber.vcxproj", "{ACCB3263-1D2B-4DE2-B4AF-8620F5A1561B}"
EndProject
Project("{8BC9CEB8-8B4A-11D0-8D11-00A0C91BC942}") = "missingNumber", "missingNumber\missingNumber.vcxproj", "{F4847D83-6ACC-4659-8270-BEACA01684F5}"
EndProject
Project("{8BC9CEB8-8B4A-11D0-8D11-00A0C91BC942}") = "firstBadVersion", "firstBadVersion\firstBadVersion.vcxproj", "{0DAA2CD9-6D55-4A49-B60A-BB0E92DF1F3D}"
EndProject
Project("{8BC9CEB8-8B4A-11D0-8D11-00A0C91BC942}") = "moveZeroes", "moveZeroes\moveZeroes.vcxproj", "{86485409-9968-4C0C-9702-A89600EE9948}"
EndProject
Project("{2150E333-8FDC-42A3-9474-1A3956D46DE8}") = "Date_13_01", "Date_13_01", "{4706B29B-48ED-4946-A2A0-74BD624EA016}"
EndProject
Project("{8BC9CEB8-8B4A-11D0-8D11-00A0C91BC942}") = "wordPattern", "wordPattern\wordPattern.vcxproj", "{45333467-5CCC-4D4F-9926-549A85E08350}"
EndProject
Project("{8BC9CEB8-8B4A-11D0-8D11-00A0C91BC942}") = "nimGame", "nimGame\nimGame.vcxproj", "{B86E3FD0-3BA5-4F1D-9D7E-6EE6BD38FEDE}"
EndProject
Project("{8BC9CEB8-8B4A-11D0-8D11-00A0C91BC942}") = "rangeSumQueryImmutable", "rangeSumQueryImmutable\rangeSumQueryImmutable.vcxproj", "{939D264B-F48C-4C1E-B934-DCE7EF3232E1}"
EndProject
Project("{8BC9CEB8-8B4A-11D0-8D11-00A0C91BC942}") = "powerOfThree", "powerOfThree\powerOfThree.vcxproj", "{496C66A1-AFDD-4A84-8899-FDE255A7932A}"
EndProject
Project("{8BC9CEB8-8B4A-11D0-8D11-00A0C91BC942}") = "countingBits", "countingBits\countingBits.vcxproj", "{5DE8A7A8-498E-4D15-8E7D-17D2FCBFDDA1}"
EndProject
Global
	GlobalSection(SolutionConfigurationPlatforms) = preSolution
		Debug|x64 = Debug|x64
		Debug|x86 = Debug|x86
		Release|x64 = Release|x64
		Release|x86 = Release|x86
	EndGlobalSection
	GlobalSection(ProjectConfigurationPlatforms) = postSolution
		{E49C137D-4809-4E20-BDC9-1F317E12136F}.Debug|x64.ActiveCfg = Debug|x64
		{E49C137D-4809-4E20-BDC9-1F317E12136F}.Debug|x64.Build.0 = Debug|x64
		{E49C137D-4809-4E20-BDC9-1F317E12136F}.Debug|x86.ActiveCfg = Debug|Win32
		{E49C137D-4809-4E20-BDC9-1F317E12136F}.Debug|x86.Build.0 = Debug|Win32
		{E49C137D-4809-4E20-BDC9-1F317E12136F}.Release|x64.ActiveCfg = Release|x64
		{E49C137D-4809-4E20-BDC9-1F317E12136F}.Release|x64.Build.0 = Release|x64
		{E49C137D-4809-4E20-BDC9-1F317E12136F}.Release|x86.ActiveCfg = Release|Win32
		{E49C137D-4809-4E20-BDC9-1F317E12136F}.Release|x86.Build.0 = Release|Win32
		{3CBE4BB5-909B-48CB-8008-1FE7EC481740}.Debug|x64.ActiveCfg = Debug|x64
		{3CBE4BB5-909B-48CB-8008-1FE7EC481740}.Debug|x64.Build.0 = Debug|x64
		{3CBE4BB5-909B-48CB-8008-1FE7EC481740}.Debug|x86.ActiveCfg = Debug|Win32
		{3CBE4BB5-909B-48CB-8008-1FE7EC481740}.Debug|x86.Build.0 = Debug|Win32
		{3CBE4BB5-909B-48CB-8008-1FE7EC481740}.Release|x64.ActiveCfg = Release|x64
		{3CBE4BB5-909B-48CB-8008-1FE7EC481740}.Release|x64.Build.0 = Release|x64
		{3CBE4BB5-909B-48CB-8008-1FE7EC481740}.Release|x86.ActiveCfg = Release|Win32
		{3CBE4BB5-909B-48CB-8008-1FE7EC481740}.Release|x86.Build.0 = Release|Win32
		{10ECFAA9-9B3D-49CC-B88D-5CC4FD8E9A97}.Debug|x64.ActiveCfg = Debug|x64
		{10ECFAA9-9B3D-49CC-B88D-5CC4FD8E9A97}.Debug|x64.Build.0 = Debug|x64
		{10ECFAA9-9B3D-49CC-B88D-5CC4FD8E9A97}.Debug|x86.ActiveCfg = Debug|Win32
		{10ECFAA9-9B3D-49CC-B88D-5CC4FD8E9A97}.Debug|x86.Build.0 = Debug|Win32
		{10ECFAA9-9B3D-49CC-B88D-5CC4FD8E9A97}.Release|x64.ActiveCfg = Release|x64
		{10ECFAA9-9B3D-49CC-B88D-5CC4FD8E9A97}.Release|x64.Build.0 = Release|x64
		{10ECFAA9-9B3D-49CC-B88D-5CC4FD8E9A97}.Release|x86.ActiveCfg = Release|Win32
		{10ECFAA9-9B3D-49CC-B88D-5CC4FD8E9A97}.Release|x86.Build.0 = Release|Win32
		{8372CA84-20CB-42CB-89EA-D65ED6CFB1CB}.Debug|x64.ActiveCfg = Debug|x64
		{8372CA84-20CB-42CB-89EA-D65ED6CFB1CB}.Debug|x64.Build.0 = Debug|x64
		{8372CA84-20CB-42CB-89EA-D65ED6CFB1CB}.Debug|x86.ActiveCfg = Debug|Win32
		{8372CA84-20CB-42CB-89EA-D65ED6CFB1CB}.Debug|x86.Build.0 = Debug|Win32
		{8372CA84-20CB-42CB-89EA-D65ED6CFB1CB}.Release|x64.ActiveCfg = Release|x64
		{8372CA84-20CB-42CB-89EA-D65ED6CFB1CB}.Release|x64.Build.0 = Release|x64
		{8372CA84-20CB-42CB-89EA-D65ED6CFB1CB}.Release|x86.ActiveCfg = Release|Win32
		{8372CA84-20CB-42CB-89EA-D65ED6CFB1CB}.Release|x86.Build.0 = Release|Win32
		{967E0D58-59B1-4F90-BEAB-4D1B58231BBC}.Debug|x64.ActiveCfg = Debug|x64
		{967E0D58-59B1-4F90-BEAB-4D1B58231BBC}.Debug|x64.Build.0 = Debug|x64
		{967E0D58-59B1-4F90-BEAB-4D1B58231BBC}.Debug|x86.ActiveCfg = Debug|Win32
		{967E0D58-59B1-4F90-BEAB-4D1B58231BBC}.Debug|x86.Build.0 = Debug|Win32
		{967E0D58-59B1-4F90-BEAB-4D1B58231BBC}.Release|x64.ActiveCfg = Release|x64
		{967E0D58-59B1-4F90-BEAB-4D1B58231BBC}.Release|x64.Build.0 = Release|x64
		{967E0D58-59B1-4F90-BEAB-4D1B58231BBC}.Release|x86.ActiveCfg = Release|Win32
		{967E0D58-59B1-4F90-BEAB-4D1B58231BBC}.Release|x86.Build.0 = Release|Win32
		{EE415F2C-3BA4-4AAE-BBCC-B5CE78959038}.Debug|x64.ActiveCfg = Debug|x64
		{EE415F2C-3BA4-4AAE-BBCC-B5CE78959038}.Debug|x64.Build.0 = Debug|x64
		{EE415F2C-3BA4-4AAE-BBCC-B5CE78959038}.Debug|x86.ActiveCfg = Debug|Win32
		{EE415F2C-3BA4-4AAE-BBCC-B5CE78959038}.Debug|x86.Build.0 = Debug|Win32
		{EE415F2C-3BA4-4AAE-BBCC-B5CE78959038}.Release|x64.ActiveCfg = Release|x64
		{EE415F2C-3BA4-4AAE-BBCC-B5CE78959038}.Release|x64.Build.0 = Release|x64
		{EE415F2C-3BA4-4AAE-BBCC-B5CE78959038}.Release|x86.ActiveCfg = Release|Win32
		{EE415F2C-3BA4-4AAE-BBCC-B5CE78959038}.Release|x86.Build.0 = Release|Win32
		{51898944-1FA4-4C41-AD6B-3C57257BB1FF}.Debug|x64.ActiveCfg = Debug|x64
		{51898944-1FA4-4C41-AD6B-3C57257BB1FF}.Debug|x64.Build.0 = Debug|x64
		{51898944-1FA4-4C41-AD6B-3C57257BB1FF}.Debug|x86.ActiveCfg = Debug|Win32
		{51898944-1FA4-4C41-AD6B-3C57257BB1FF}.Debug|x86.Build.0 = Debug|Win32
		{51898944-1FA4-4C41-AD6B-3C57257BB1FF}.Release|x64.ActiveCfg = Release|x64
		{51898944-1FA4-4C41-AD6B-3C57257BB1FF}.Release|x64.Build.0 = Release|x64
		{51898944-1FA4-4C41-AD6B-3C57257BB1FF}.Release|x86.ActiveCfg = Release|Win32
		{51898944-1FA4-4C41-AD6B-3C57257BB1FF}.Release|x86.Build.0 = Release|Win32
		{6924D828-CDC6-4AEE-AE17-A1323F3B9F2E}.Debug|x64.ActiveCfg = Debug|x64
		{6924D828-CDC6-4AEE-AE17-A1323F3B9F2E}.Debug|x64.Build.0 = Debug|x64
		{6924D828-CDC6-4AEE-AE17-A1323F3B9F2E}.Debug|x86.ActiveCfg = Debug|Win32
		{6924D828-CDC6-4AEE-AE17-A1323F3B9F2E}.Debug|x86.Build.0 = Debug|Win32
		{6924D828-CDC6-4AEE-AE17-A1323F3B9F2E}.Release|x64.ActiveCfg = Release|x64
		{6924D828-CDC6-4AEE-AE17-A1323F3B9F2E}.Release|x64.Build.0 = Release|x64
		{6924D828-CDC6-4AEE-AE17-A1323F3B9F2E}.Release|x86.ActiveCfg = Release|Win32
		{6924D828-CDC6-4AEE-AE17-A1323F3B9F2E}.Release|x86.Build.0 = Release|Win32
		{0098A987-9FF2-4E5B-8137-FA964DF8AB91}.Debug|x64.ActiveCfg = Debug|x64
		{0098A987-9FF2-4E5B-8137-FA964DF8AB91}.Debug|x64.Build.0 = Debug|x64
		{0098A987-9FF2-4E5B-8137-FA964DF8AB91}.Debug|x86.ActiveCfg = Debug|Win32
		{0098A987-9FF2-4E5B-8137-FA964DF8AB91}.Debug|x86.Build.0 = Debug|Win32
		{0098A987-9FF2-4E5B-8137-FA964DF8AB91}.Release|x64.ActiveCfg = Release|x64
		{0098A987-9FF2-4E5B-8137-FA964DF8AB91}.Release|x64.Build.0 = Release|x64
		{0098A987-9FF2-4E5B-8137-FA964DF8AB91}.Release|x86.ActiveCfg = Release|Win32
		{0098A987-9FF2-4E5B-8137-FA964DF8AB91}.Release|x86.Build.0 = Release|Win32
		{2B318286-9890-4FB8-B32E-277006DFA816}.Debug|x64.ActiveCfg = Debug|x64
		{2B318286-9890-4FB8-B32E-277006DFA816}.Debug|x64.Build.0 = Debug|x64
		{2B318286-9890-4FB8-B32E-277006DFA816}.Debug|x86.ActiveCfg = Debug|Win32
		{2B318286-9890-4FB8-B32E-277006DFA816}.Debug|x86.Build.0 = Debug|Win32
		{2B318286-9890-4FB8-B32E-277006DFA816}.Release|x64.ActiveCfg = Release|x64
		{2B318286-9890-4FB8-B32E-277006DFA816}.Release|x64.Build.0 = Release|x64
		{2B318286-9890-4FB8-B32E-277006DFA816}.Release|x86.ActiveCfg = Release|Win32
		{2B318286-9890-4FB8-B32E-277006DFA816}.Release|x86.Build.0 = Release|Win32
		{BBA4EBB2-D82B-4435-AAB0-4599CEDB346A}.Debug|x64.ActiveCfg = Debug|x64
		{BBA4EBB2-D82B-4435-AAB0-4599CEDB346A}.Debug|x64.Build.0 = Debug|x64
		{BBA4EBB2-D82B-4435-AAB0-4599CEDB346A}.Debug|x86.ActiveCfg = Debug|Win32
		{BBA4EBB2-D82B-4435-AAB0-4599CEDB346A}.Debug|x86.Build.0 = Debug|Win32
		{BBA4EBB2-D82B-4435-AAB0-4599CEDB346A}.Release|x64.ActiveCfg = Release|x64
		{BBA4EBB2-D82B-4435-AAB0-4599CEDB346A}.Release|x64.Build.0 = Release|x64
		{BBA4EBB2-D82B-4435-AAB0-4599CEDB346A}.Release|x86.ActiveCfg = Release|Win32
		{BBA4EBB2-D82B-4435-AAB0-4599CEDB346A}.Release|x86.Build.0 = Release|Win32
		{9B1963B1-4127-461E-9492-E59EE5D45BE9}.Debug|x64.ActiveCfg = Debug|x64
		{9B1963B1-4127-461E-9492-E59EE5D45BE9}.Debug|x64.Build.0 = Debug|x64
		{9B1963B1-4127-461E-9492-E59EE5D45BE9}.Debug|x86.ActiveCfg = Debug|Win32
		{9B1963B1-4127-461E-9492-E59EE5D45BE9}.Debug|x86.Build.0 = Debug|Win32
		{9B1963B1-4127-461E-9492-E59EE5D45BE9}.Release|x64.ActiveCfg = Release|x64
		{9B1963B1-4127-461E-9492-E59EE5D45BE9}.Release|x64.Build.0 = Release|x64
		{9B1963B1-4127-461E-9492-E59EE5D45BE9}.Release|x86.ActiveCfg = Release|Win32
		{9B1963B1-4127-461E-9492-E59EE5D45BE9}.Release|x86.Build.0 = Release|Win32
		{A9FB984E-CA90-4EBF-A612-CC9FE0479938}.Debug|x64.ActiveCfg = Debug|x64
		{A9FB984E-CA90-4EBF-A612-CC9FE0479938}.Debug|x64.Build.0 = Debug|x64
		{A9FB984E-CA90-4EBF-A612-CC9FE0479938}.Debug|x86.ActiveCfg = Debug|Win32
		{A9FB984E-CA90-4EBF-A612-CC9FE0479938}.Debug|x86.Build.0 = Debug|Win32
		{A9FB984E-CA90-4EBF-A612-CC9FE0479938}.Release|x64.ActiveCfg = Release|x64
		{A9FB984E-CA90-4EBF-A612-CC9FE0479938}.Release|x64.Build.0 = Release|x64
		{A9FB984E-CA90-4EBF-A612-CC9FE0479938}.Release|x86.ActiveCfg = Release|Win32
		{A9FB984E-CA90-4EBF-A612-CC9FE0479938}.Release|x86.Build.0 = Release|Win32
		{DB712E3E-58BF-44C4-AABD-97F30014F8DE}.Debug|x64.ActiveCfg = Debug|x64
		{DB712E3E-58BF-44C4-AABD-97F30014F8DE}.Debug|x64.Build.0 = Debug|x64
		{DB712E3E-58BF-44C4-AABD-97F30014F8DE}.Debug|x86.ActiveCfg = Debug|Win32
		{DB712E3E-58BF-44C4-AABD-97F30014F8DE}.Debug|x86.Build.0 = Debug|Win32
		{DB712E3E-58BF-44C4-AABD-97F30014F8DE}.Release|x64.ActiveCfg = Release|x64
		{DB712E3E-58BF-44C4-AABD-97F30014F8DE}.Release|x64.Build.0 = Release|x64
		{DB712E3E-58BF-44C4-AABD-97F30014F8DE}.Release|x86.ActiveCfg = Release|Win32
		{DB712E3E-58BF-44C4-AABD-97F30014F8DE}.Release|x86.Build.0 = Release|Win32
		{EBF0C596-E8C8-425F-B6C6-F9A63FCA1A8C}.Debug|x64.ActiveCfg = Debug|x64
		{EBF0C596-E8C8-425F-B6C6-F9A63FCA1A8C}.Debug|x64.Build.0 = Debug|x64
		{EBF0C596-E8C8-425F-B6C6-F9A63FCA1A8C}.Debug|x86.ActiveCfg = Debug|Win32
		{EBF0C596-E8C8-425F-B6C6-F9A63FCA1A8C}.Debug|x86.Build.0 = Debug|Win32
		{EBF0C596-E8C8-425F-B6C6-F9A63FCA1A8C}.Release|x64.ActiveCfg = Release|x64
		{EBF0C596-E8C8-425F-B6C6-F9A63FCA1A8C}.Release|x64.Build.0 = Release|x64
		{EBF0C596-E8C8-425F-B6C6-F9A63FCA1A8C}.Release|x86.ActiveCfg = Release|Win32
		{EBF0C596-E8C8-425F-B6C6-F9A63FCA1A8C}.Release|x86.Build.0 = Release|Win32
		{0BEB65B2-5971-4B8F-AD05-3AB3C0D7F423}.Debug|x64.ActiveCfg = Debug|x64
		{0BEB65B2-5971-4B8F-AD05-3AB3C0D7F423}.Debug|x64.Build.0 = Debug|x64
		{0BEB65B2-5971-4B8F-AD05-3AB3C0D7F423}.Debug|x86.ActiveCfg = Debug|Win32
		{0BEB65B2-5971-4B8F-AD05-3AB3C0D7F423}.Debug|x86.Build.0 = Debug|Win32
		{0BEB65B2-5971-4B8F-AD05-3AB3C0D7F423}.Release|x64.ActiveCfg = Release|x64
		{0BEB65B2-5971-4B8F-AD05-3AB3C0D7F423}.Release|x64.Build.0 = Release|x64
		{0BEB65B2-5971-4B8F-AD05-3AB3C0D7F423}.Release|x86.ActiveCfg = Release|Win32
		{0BEB65B2-5971-4B8F-AD05-3AB3C0D7F423}.Release|x86.Build.0 = Release|Win32
		{C0F3447D-DF90-4A09-8AB9-05E37881E950}.Debug|x64.ActiveCfg = Debug|x64
		{C0F3447D-DF90-4A09-8AB9-05E37881E950}.Debug|x64.Build.0 = Debug|x64
		{C0F3447D-DF90-4A09-8AB9-05E37881E950}.Debug|x86.ActiveCfg = Debug|Win32
		{C0F3447D-DF90-4A09-8AB9-05E37881E950}.Debug|x86.Build.0 = Debug|Win32
		{C0F3447D-DF90-4A09-8AB9-05E37881E950}.Release|x64.ActiveCfg = Release|x64
		{C0F3447D-DF90-4A09-8AB9-05E37881E950}.Release|x64.Build.0 = Release|x64
		{C0F3447D-DF90-4A09-8AB9-05E37881E950}.Release|x86.ActiveCfg = Release|Win32
		{C0F3447D-DF90-4A09-8AB9-05E37881E950}.Release|x86.Build.0 = Release|Win32
		{738AB943-2F13-44CC-8453-A41D48121A71}.Debug|x64.ActiveCfg = Debug|x64
		{738AB943-2F13-44CC-8453-A41D48121A71}.Debug|x64.Build.0 = Debug|x64
		{738AB943-2F13-44CC-8453-A41D48121A71}.Debug|x86.ActiveCfg = Debug|Win32
		{738AB943-2F13-44CC-8453-A41D48121A71}.Debug|x86.Build.0 = Debug|Win32
		{738AB943-2F13-44CC-8453-A41D48121A71}.Release|x64.ActiveCfg = Release|x64
		{738AB943-2F13-44CC-8453-A41D48121A71}.Release|x64.Build.0 = Release|x64
		{738AB943-2F13-44CC-8453-A41D48121A71}.Release|x86.ActiveCfg = Release|Win32
		{738AB943-2F13-44CC-8453-A41D48121A71}.Release|x86.Build.0 = Release|Win32
		{963861AD-C1F9-4E4A-AA4C-E14DA5ACB189}.Debug|x64.ActiveCfg = Debug|x64
		{963861AD-C1F9-4E4A-AA4C-E14DA5ACB189}.Debug|x64.Build.0 = Debug|x64
		{963861AD-C1F9-4E4A-AA4C-E14DA5ACB189}.Debug|x86.ActiveCfg = Debug|Win32
		{963861AD-C1F9-4E4A-AA4C-E14DA5ACB189}.Debug|x86.Build.0 = Debug|Win32
		{963861AD-C1F9-4E4A-AA4C-E14DA5ACB189}.Release|x64.ActiveCfg = Release|x64
		{963861AD-C1F9-4E4A-AA4C-E14DA5ACB189}.Release|x64.Build.0 = Release|x64
		{963861AD-C1F9-4E4A-AA4C-E14DA5ACB189}.Release|x86.ActiveCfg = Release|Win32
		{963861AD-C1F9-4E4A-AA4C-E14DA5ACB189}.Release|x86.Build.0 = Release|Win32
		{96CF10CE-D90C-4FFB-8F4D-B6A8F94B9E9F}.Debug|x64.ActiveCfg = Debug|x64
		{96CF10CE-D90C-4FFB-8F4D-B6A8F94B9E9F}.Debug|x64.Build.0 = Debug|x64
		{96CF10CE-D90C-4FFB-8F4D-B6A8F94B9E9F}.Debug|x86.ActiveCfg = Debug|Win32
		{96CF10CE-D90C-4FFB-8F4D-B6A8F94B9E9F}.Debug|x86.Build.0 = Debug|Win32
		{96CF10CE-D90C-4FFB-8F4D-B6A8F94B9E9F}.Release|x64.ActiveCfg = Release|x64
		{96CF10CE-D90C-4FFB-8F4D-B6A8F94B9E9F}.Release|x64.Build.0 = Release|x64
		{96CF10CE-D90C-4FFB-8F4D-B6A8F94B9E9F}.Release|x86.ActiveCfg = Release|Win32
		{96CF10CE-D90C-4FFB-8F4D-B6A8F94B9E9F}.Release|x86.Build.0 = Release|Win32
		{30E11298-93BE-4701-8FC7-0DB3D68021D3}.Debug|x64.ActiveCfg = Debug|x64
		{30E11298-93BE-4701-8FC7-0DB3D68021D3}.Debug|x64.Build.0 = Debug|x64
		{30E11298-93BE-4701-8FC7-0DB3D68021D3}.Debug|x86.ActiveCfg = Debug|Win32
		{30E11298-93BE-4701-8FC7-0DB3D68021D3}.Debug|x86.Build.0 = Debug|Win32
		{30E11298-93BE-4701-8FC7-0DB3D68021D3}.Release|x64.ActiveCfg = Release|x64
		{30E11298-93BE-4701-8FC7-0DB3D68021D3}.Release|x64.Build.0 = Release|x64
		{30E11298-93BE-4701-8FC7-0DB3D68021D3}.Release|x86.ActiveCfg = Release|Win32
		{30E11298-93BE-4701-8FC7-0DB3D68021D3}.Release|x86.Build.0 = Release|Win32
		{4D08BE00-F644-4DA9-80E2-3DA5A5C9C717}.Debug|x64.ActiveCfg = Debug|x64
		{4D08BE00-F644-4DA9-80E2-3DA5A5C9C717}.Debug|x64.Build.0 = Debug|x64
		{4D08BE00-F644-4DA9-80E2-3DA5A5C9C717}.Debug|x86.ActiveCfg = Debug|Win32
		{4D08BE00-F644-4DA9-80E2-3DA5A5C9C717}.Debug|x86.Build.0 = Debug|Win32
		{4D08BE00-F644-4DA9-80E2-3DA5A5C9C717}.Release|x64.ActiveCfg = Release|x64
		{4D08BE00-F644-4DA9-80E2-3DA5A5C9C717}.Release|x64.Build.0 = Release|x64
		{4D08BE00-F644-4DA9-80E2-3DA5A5C9C717}.Release|x86.ActiveCfg = Release|Win32
		{4D08BE00-F644-4DA9-80E2-3DA5A5C9C717}.Release|x86.Build.0 = Release|Win32
		{7E2E7A8E-5ED5-4F26-AB1D-E6D7300ED8B6}.Debug|x64.ActiveCfg = Debug|x64
		{7E2E7A8E-5ED5-4F26-AB1D-E6D7300ED8B6}.Debug|x64.Build.0 = Debug|x64
		{7E2E7A8E-5ED5-4F26-AB1D-E6D7300ED8B6}.Debug|x86.ActiveCfg = Debug|Win32
		{7E2E7A8E-5ED5-4F26-AB1D-E6D7300ED8B6}.Debug|x86.Build.0 = Debug|Win32
		{7E2E7A8E-5ED5-4F26-AB1D-E6D7300ED8B6}.Release|x64.ActiveCfg = Release|x64
		{7E2E7A8E-5ED5-4F26-AB1D-E6D7300ED8B6}.Release|x64.Build.0 = Release|x64
		{7E2E7A8E-5ED5-4F26-AB1D-E6D7300ED8B6}.Release|x86.ActiveCfg = Release|Win32
		{7E2E7A8E-5ED5-4F26-AB1D-E6D7300ED8B6}.Release|x86.Build.0 = Release|Win32
		{C2335B08-D726-4E71-A327-16E4A6207698}.Debug|x64.ActiveCfg = Debug|x64
		{C2335B08-D726-4E71-A327-16E4A6207698}.Debug|x64.Build.0 = Debug|x64
		{C2335B08-D726-4E71-A327-16E4A6207698}.Debug|x86.ActiveCfg = Debug|Win32
		{C2335B08-D726-4E71-A327-16E4A6207698}.Debug|x86.Build.0 = Debug|Win32
		{C2335B08-D726-4E71-A327-16E4A6207698}.Release|x64.ActiveCfg = Release|x64
		{C2335B08-D726-4E71-A327-16E4A6207698}.Release|x64.Build.0 = Release|x64
		{C2335B08-D726-4E71-A327-16E4A6207698}.Release|x86.ActiveCfg = Release|Win32
		{C2335B08-D726-4E71-A327-16E4A6207698}.Release|x86.Build.0 = Release|Win32
		{28DB57B0-D5BA-4A16-A168-C64DF2FD3AE4}.Debug|x64.ActiveCfg = Debug|x64
		{28DB57B0-D5BA-4A16-A168-C64DF2FD3AE4}.Debug|x64.Build.0 = Debug|x64
		{28DB57B0-D5BA-4A16-A168-C64DF2FD3AE4}.Debug|x86.ActiveCfg = Debug|Win32
		{28DB57B0-D5BA-4A16-A168-C64DF2FD3AE4}.Debug|x86.Build.0 = Debug|Win32
		{28DB57B0-D5BA-4A16-A168-C64DF2FD3AE4}.Release|x64.ActiveCfg = Release|x64
		{28DB57B0-D5BA-4A16-A168-C64DF2FD3AE4}.Release|x64.Build.0 = Release|x64
		{28DB57B0-D5BA-4A16-A168-C64DF2FD3AE4}.Release|x86.ActiveCfg = Release|Win32
		{28DB57B0-D5BA-4A16-A168-C64DF2FD3AE4}.Release|x86.Build.0 = Release|Win32
		{5034118A-59BB-4129-BF52-E7EEAA8D6E68}.Debug|x64.ActiveCfg = Debug|x64
		{5034118A-59BB-4129-BF52-E7EEAA8D6E68}.Debug|x64.Build.0 = Debug|x64
		{5034118A-59BB-4129-BF52-E7EEAA8D6E68}.Debug|x86.ActiveCfg = Debug|Win32
		{5034118A-59BB-4129-BF52-E7EEAA8D6E68}.Debug|x86.Build.0 = Debug|Win32
		{5034118A-59BB-4129-BF52-E7EEAA8D6E68}.Release|x64.ActiveCfg = Release|x64
		{5034118A-59BB-4129-BF52-E7EEAA8D6E68}.Release|x64.Build.0 = Release|x64
		{5034118A-59BB-4129-BF52-E7EEAA8D6E68}.Release|x86.ActiveCfg = Release|Win32
		{5034118A-59BB-4129-BF52-E7EEAA8D6E68}.Release|x86.Build.0 = Release|Win32
		{7F73C754-B054-4BD7-8640-DB03156F1D53}.Debug|x64.ActiveCfg = Debug|x64
		{7F73C754-B054-4BD7-8640-DB03156F1D53}.Debug|x64.Build.0 = Debug|x64
		{7F73C754-B054-4BD7-8640-DB03156F1D53}.Debug|x86.ActiveCfg = Debug|Win32
		{7F73C754-B054-4BD7-8640-DB03156F1D53}.Debug|x86.Build.0 = Debug|Win32
		{7F73C754-B054-4BD7-8640-DB03156F1D53}.Release|x64.ActiveCfg = Release|x64
		{7F73C754-B054-4BD7-8640-DB03156F1D53}.Release|x64.Build.0 = Release|x64
		{7F73C754-B054-4BD7-8640-DB03156F1D53}.Release|x86.ActiveCfg = Release|Win32
		{7F73C754-B054-4BD7-8640-DB03156F1D53}.Release|x86.Build.0 = Release|Win32
		{7AD6E5A3-9918-4B05-A6FB-EA7BAD8423DB}.Debug|x64.ActiveCfg = Debug|x64
		{7AD6E5A3-9918-4B05-A6FB-EA7BAD8423DB}.Debug|x64.Build.0 = Debug|x64
		{7AD6E5A3-9918-4B05-A6FB-EA7BAD8423DB}.Debug|x86.ActiveCfg = Debug|Win32
		{7AD6E5A3-9918-4B05-A6FB-EA7BAD8423DB}.Debug|x86.Build.0 = Debug|Win32
		{7AD6E5A3-9918-4B05-A6FB-EA7BAD8423DB}.Release|x64.ActiveCfg = Release|x64
		{7AD6E5A3-9918-4B05-A6FB-EA7BAD8423DB}.Release|x64.Build.0 = Release|x64
		{7AD6E5A3-9918-4B05-A6FB-EA7BAD8423DB}.Release|x86.ActiveCfg = Release|Win32
		{7AD6E5A3-9918-4B05-A6FB-EA7BAD8423DB}.Release|x86.Build.0 = Release|Win32
		{74C19B08-712F-4586-9E6B-69E5F4E54A14}.Debug|x64.ActiveCfg = Debug|x64
		{74C19B08-712F-4586-9E6B-69E5F4E54A14}.Debug|x64.Build.0 = Debug|x64
		{74C19B08-712F-4586-9E6B-69E5F4E54A14}.Debug|x86.ActiveCfg = Debug|Win32
		{74C19B08-712F-4586-9E6B-69E5F4E54A14}.Debug|x86.Build.0 = Debug|Win32
		{74C19B08-712F-4586-9E6B-69E5F4E54A14}.Release|x64.ActiveCfg = Release|x64
		{74C19B08-712F-4586-9E6B-69E5F4E54A14}.Release|x64.Build.0 = Release|x64
		{74C19B08-712F-4586-9E6B-69E5F4E54A14}.Release|x86.ActiveCfg = Release|Win32
		{74C19B08-712F-4586-9E6B-69E5F4E54A14}.Release|x86.Build.0 = Release|Win32
		{7E245642-E1E8-4A3B-8219-9152354DA205}.Debug|x64.ActiveCfg = Debug|x64
		{7E245642-E1E8-4A3B-8219-9152354DA205}.Debug|x64.Build.0 = Debug|x64
		{7E245642-E1E8-4A3B-8219-9152354DA205}.Debug|x86.ActiveCfg = Debug|Win32
		{7E245642-E1E8-4A3B-8219-9152354DA205}.Debug|x86.Build.0 = Debug|Win32
		{7E245642-E1E8-4A3B-8219-9152354DA205}.Release|x64.ActiveCfg = Release|x64
		{7E245642-E1E8-4A3B-8219-9152354DA205}.Release|x64.Build.0 = Release|x64
		{7E245642-E1E8-4A3B-8219-9152354DA205}.Release|x86.ActiveCfg = Release|Win32
		{7E245642-E1E8-4A3B-8219-9152354DA205}.Release|x86.Build.0 = Release|Win32
		{411C8A01-3F5E-4186-8AFD-8F9BD03BB573}.Debug|x64.ActiveCfg = Debug|x64
		{411C8A01-3F5E-4186-8AFD-8F9BD03BB573}.Debug|x64.Build.0 = Debug|x64
		{411C8A01-3F5E-4186-8AFD-8F9BD03BB573}.Debug|x86.ActiveCfg = Debug|Win32
		{411C8A01-3F5E-4186-8AFD-8F9BD03BB573}.Debug|x86.Build.0 = Debug|Win32
		{411C8A01-3F5E-4186-8AFD-8F9BD03BB573}.Release|x64.ActiveCfg = Release|x64
		{411C8A01-3F5E-4186-8AFD-8F9BD03BB573}.Release|x64.Build.0 = Release|x64
		{411C8A01-3F5E-4186-8AFD-8F9BD03BB573}.Release|x86.ActiveCfg = Release|Win32
		{411C8A01-3F5E-4186-8AFD-8F9BD03BB573}.Release|x86.Build.0 = Release|Win32
		{39563DAC-3FDE-42DD-8645-82F694CC6C26}.Debug|x64.ActiveCfg = Debug|x64
		{39563DAC-3FDE-42DD-8645-82F694CC6C26}.Debug|x64.Build.0 = Debug|x64
		{39563DAC-3FDE-42DD-8645-82F694CC6C26}.Debug|x86.ActiveCfg = Debug|Win32
		{39563DAC-3FDE-42DD-8645-82F694CC6C26}.Debug|x86.Build.0 = Debug|Win32
		{39563DAC-3FDE-42DD-8645-82F694CC6C26}.Release|x64.ActiveCfg = Release|x64
		{39563DAC-3FDE-42DD-8645-82F694CC6C26}.Release|x64.Build.0 = Release|x64
		{39563DAC-3FDE-42DD-8645-82F694CC6C26}.Release|x86.ActiveCfg = Release|Win32
		{39563DAC-3FDE-42DD-8645-82F694CC6C26}.Release|x86.Build.0 = Release|Win32
		{46E3D63B-3963-42F0-835B-182AE6669C64}.Debug|x64.ActiveCfg = Debug|x64
		{46E3D63B-3963-42F0-835B-182AE6669C64}.Debug|x64.Build.0 = Debug|x64
		{46E3D63B-3963-42F0-835B-182AE6669C64}.Debug|x86.ActiveCfg = Debug|Win32
		{46E3D63B-3963-42F0-835B-182AE6669C64}.Debug|x86.Build.0 = Debug|Win32
		{46E3D63B-3963-42F0-835B-182AE6669C64}.Release|x64.ActiveCfg = Release|x64
		{46E3D63B-3963-42F0-835B-182AE6669C64}.Release|x64.Build.0 = Release|x64
		{46E3D63B-3963-42F0-835B-182AE6669C64}.Release|x86.ActiveCfg = Release|Win32
		{46E3D63B-3963-42F0-835B-182AE6669C64}.Release|x86.Build.0 = Release|Win32
		{D51C4AD5-8386-4677-B7FC-7B93A216AE51}.Debug|x64.ActiveCfg = Debug|x64
		{D51C4AD5-8386-4677-B7FC-7B93A216AE51}.Debug|x64.Build.0 = Debug|x64
		{D51C4AD5-8386-4677-B7FC-7B93A216AE51}.Debug|x86.ActiveCfg = Debug|Win32
		{D51C4AD5-8386-4677-B7FC-7B93A216AE51}.Debug|x86.Build.0 = Debug|Win32
		{D51C4AD5-8386-4677-B7FC-7B93A216AE51}.Release|x64.ActiveCfg = Release|x64
		{D51C4AD5-8386-4677-B7FC-7B93A216AE51}.Release|x64.Build.0 = Release|x64
		{D51C4AD5-8386-4677-B7FC-7B93A216AE51}.Release|x86.ActiveCfg = Release|Win32
		{D51C4AD5-8386-4677-B7FC-7B93A216AE51}.Release|x86.Build.0 = Release|Win32
		{874FB9EC-7672-4611-A53A-B80F6434F740}.Debug|x64.ActiveCfg = Debug|x64
		{874FB9EC-7672-4611-A53A-B80F6434F740}.Debug|x64.Build.0 = Debug|x64
		{874FB9EC-7672-4611-A53A-B80F6434F740}.Debug|x86.ActiveCfg = Debug|Win32
		{874FB9EC-7672-4611-A53A-B80F6434F740}.Debug|x86.Build.0 = Debug|Win32
		{874FB9EC-7672-4611-A53A-B80F6434F740}.Release|x64.ActiveCfg = Release|x64
		{874FB9EC-7672-4611-A53A-B80F6434F740}.Release|x64.Build.0 = Release|x64
		{874FB9EC-7672-4611-A53A-B80F6434F740}.Release|x86.ActiveCfg = Release|Win32
		{874FB9EC-7672-4611-A53A-B80F6434F740}.Release|x86.Build.0 = Release|Win32
		{1EBF888B-0AEB-4E36-AFF5-2AF3C05AB14C}.Debug|x64.ActiveCfg = Debug|x64
		{1EBF888B-0AEB-4E36-AFF5-2AF3C05AB14C}.Debug|x64.Build.0 = Debug|x64
		{1EBF888B-0AEB-4E36-AFF5-2AF3C05AB14C}.Debug|x86.ActiveCfg = Debug|Win32
		{1EBF888B-0AEB-4E36-AFF5-2AF3C05AB14C}.Debug|x86.Build.0 = Debug|Win32
		{1EBF888B-0AEB-4E36-AFF5-2AF3C05AB14C}.Release|x64.ActiveCfg = Release|x64
		{1EBF888B-0AEB-4E36-AFF5-2AF3C05AB14C}.Release|x64.Build.0 = Release|x64
		{1EBF888B-0AEB-4E36-AFF5-2AF3C05AB14C}.Release|x86.ActiveCfg = Release|Win32
		{1EBF888B-0AEB-4E36-AFF5-2AF3C05AB14C}.Release|x86.Build.0 = Release|Win32
		{125C0C8C-8C67-4959-8779-15F6D769060D}.Debug|x64.ActiveCfg = Debug|x64
		{125C0C8C-8C67-4959-8779-15F6D769060D}.Debug|x64.Build.0 = Debug|x64
		{125C0C8C-8C67-4959-8779-15F6D769060D}.Debug|x86.ActiveCfg = Debug|Win32
		{125C0C8C-8C67-4959-8779-15F6D769060D}.Debug|x86.Build.0 = Debug|Win32
		{125C0C8C-8C67-4959-8779-15F6D769060D}.Release|x64.ActiveCfg = Release|x64
		{125C0C8C-8C67-4959-8779-15F6D769060D}.Release|x64.Build.0 = Release|x64
		{125C0C8C-8C67-4959-8779-15F6D769060D}.Release|x86.ActiveCfg = Release|Win32
		{125C0C8C-8C67-4959-8779-15F6D769060D}.Release|x86.Build.0 = Release|Win32
		{B06F54A4-F712-442B-88CF-FD3B16958DEC}.Debug|x64.ActiveCfg = Debug|x64
		{B06F54A4-F712-442B-88CF-FD3B16958DEC}.Debug|x64.Build.0 = Debug|x64
		{B06F54A4-F712-442B-88CF-FD3B16958DEC}.Debug|x86.ActiveCfg = Debug|Win32
		{B06F54A4-F712-442B-88CF-FD3B16958DEC}.Debug|x86.Build.0 = Debug|Win32
		{B06F54A4-F712-442B-88CF-FD3B16958DEC}.Release|x64.ActiveCfg = Release|x64
		{B06F54A4-F712-442B-88CF-FD3B16958DEC}.Release|x64.Build.0 = Release|x64
		{B06F54A4-F712-442B-88CF-FD3B16958DEC}.Release|x86.ActiveCfg = Release|Win32
		{B06F54A4-F712-442B-88CF-FD3B16958DEC}.Release|x86.Build.0 = Release|Win32
		{16BC033E-6152-4756-9DA1-1030A92C892C}.Debug|x64.ActiveCfg = Debug|x64
		{16BC033E-6152-4756-9DA1-1030A92C892C}.Debug|x64.Build.0 = Debug|x64
		{16BC033E-6152-4756-9DA1-1030A92C892C}.Debug|x86.ActiveCfg = Debug|Win32
		{16BC033E-6152-4756-9DA1-1030A92C892C}.Debug|x86.Build.0 = Debug|Win32
		{16BC033E-6152-4756-9DA1-1030A92C892C}.Release|x64.ActiveCfg = Release|x64
		{16BC033E-6152-4756-9DA1-1030A92C892C}.Release|x64.Build.0 = Release|x64
		{16BC033E-6152-4756-9DA1-1030A92C892C}.Release|x86.ActiveCfg = Release|Win32
		{16BC033E-6152-4756-9DA1-1030A92C892C}.Release|x86.Build.0 = Release|Win32
		{996F6F92-026D-4EF9-B3C9-53378855D253}.Debug|x64.ActiveCfg = Debug|x64
		{996F6F92-026D-4EF9-B3C9-53378855D253}.Debug|x64.Build.0 = Debug|x64
		{996F6F92-026D-4EF9-B3C9-53378855D253}.Debug|x86.ActiveCfg = Debug|Win32
		{996F6F92-026D-4EF9-B3C9-53378855D253}.Debug|x86.Build.0 = Debug|Win32
		{996F6F92-026D-4EF9-B3C9-53378855D253}.Release|x64.ActiveCfg = Release|x64
		{996F6F92-026D-4EF9-B3C9-53378855D253}.Release|x64.Build.0 = Release|x64
		{996F6F92-026D-4EF9-B3C9-53378855D253}.Release|x86.ActiveCfg = Release|Win32
		{996F6F92-026D-4EF9-B3C9-53378855D253}.Release|x86.Build.0 = Release|Win32
		{3EBE763C-8D2D-47D4-90E8-C7B758EBC5F1}.Debug|x64.ActiveCfg = Debug|x64
		{3EBE763C-8D2D-47D4-90E8-C7B758EBC5F1}.Debug|x64.Build.0 = Debug|x64
		{3EBE763C-8D2D-47D4-90E8-C7B758EBC5F1}.Debug|x86.ActiveCfg = Debug|Win32
		{3EBE763C-8D2D-47D4-90E8-C7B758EBC5F1}.Debug|x86.Build.0 = Debug|Win32
		{3EBE763C-8D2D-47D4-90E8-C7B758EBC5F1}.Release|x64.ActiveCfg = Release|x64
		{3EBE763C-8D2D-47D4-90E8-C7B758EBC5F1}.Release|x64.Build.0 = Release|x64
		{3EBE763C-8D2D-47D4-90E8-C7B758EBC5F1}.Release|x86.ActiveCfg = Release|Win32
		{3EBE763C-8D2D-47D4-90E8-C7B758EBC5F1}.Release|x86.Build.0 = Release|Win32
		{BF4C32BA-F1F2-44F0-8F91-506BFE977FA9}.Debug|x64.ActiveCfg = Debug|x64
		{BF4C32BA-F1F2-44F0-8F91-506BFE977FA9}.Debug|x64.Build.0 = Debug|x64
		{BF4C32BA-F1F2-44F0-8F91-506BFE977FA9}.Debug|x86.ActiveCfg = Debug|Win32
		{BF4C32BA-F1F2-44F0-8F91-506BFE977FA9}.Debug|x86.Build.0 = Debug|Win32
		{BF4C32BA-F1F2-44F0-8F91-506BFE977FA9}.Release|x64.ActiveCfg = Release|x64
		{BF4C32BA-F1F2-44F0-8F91-506BFE977FA9}.Release|x64.Build.0 = Release|x64
		{BF4C32BA-F1F2-44F0-8F91-506BFE977FA9}.Release|x86.ActiveCfg = Release|Win32
		{BF4C32BA-F1F2-44F0-8F91-506BFE977FA9}.Release|x86.Build.0 = Release|Win32
		{D12D91E0-26FD-4736-AC9B-40C536054197}.Debug|x64.ActiveCfg = Debug|x64
		{D12D91E0-26FD-4736-AC9B-40C536054197}.Debug|x64.Build.0 = Debug|x64
		{D12D91E0-26FD-4736-AC9B-40C536054197}.Debug|x86.ActiveCfg = Debug|Win32
		{D12D91E0-26FD-4736-AC9B-40C536054197}.Debug|x86.Build.0 = Debug|Win32
		{D12D91E0-26FD-4736-AC9B-40C536054197}.Release|x64.ActiveCfg = Release|x64
		{D12D91E0-26FD-4736-AC9B-40C536054197}.Release|x64.Build.0 = Release|x64
		{D12D91E0-26FD-4736-AC9B-40C536054197}.Release|x86.ActiveCfg = Release|Win32
		{D12D91E0-26FD-4736-AC9B-40C536054197}.Release|x86.Build.0 = Release|Win32
		{E8CD4AF7-050F-4260-995B-37F1E58A1E9E}.Debug|x64.ActiveCfg = Debug|x64
		{E8CD4AF7-050F-4260-995B-37F1E58A1E9E}.Debug|x64.Build.0 = Debug|x64
		{E8CD4AF7-050F-4260-995B-37F1E58A1E9E}.Debug|x86.ActiveCfg = Debug|Win32
		{E8CD4AF7-050F-4260-995B-37F1E58A1E9E}.Debug|x86.Build.0 = Debug|Win32
		{E8CD4AF7-050F-4260-995B-37F1E58A1E9E}.Release|x64.ActiveCfg = Release|x64
		{E8CD4AF7-050F-4260-995B-37F1E58A1E9E}.Release|x64.Build.0 = Release|x64
		{E8CD4AF7-050F-4260-995B-37F1E58A1E9E}.Release|x86.ActiveCfg = Release|Win32
		{E8CD4AF7-050F-4260-995B-37F1E58A1E9E}.Release|x86.Build.0 = Release|Win32
		{16D56A89-1A81-49F7-9342-CA7DC1557D64}.Debug|x64.ActiveCfg = Debug|x64
		{16D56A89-1A81-49F7-9342-CA7DC1557D64}.Debug|x64.Build.0 = Debug|x64
		{16D56A89-1A81-49F7-9342-CA7DC1557D64}.Debug|x86.ActiveCfg = Debug|Win32
		{16D56A89-1A81-49F7-9342-CA7DC1557D64}.Debug|x86.Build.0 = Debug|Win32
		{16D56A89-1A81-49F7-9342-CA7DC1557D64}.Release|x64.ActiveCfg = Release|x64
		{16D56A89-1A81-49F7-9342-CA7DC1557D64}.Release|x64.Build.0 = Release|x64
		{16D56A89-1A81-49F7-9342-CA7DC1557D64}.Release|x86.ActiveCfg = Release|Win32
		{16D56A89-1A81-49F7-9342-CA7DC1557D64}.Release|x86.Build.0 = Release|Win32
		{2C4FDD35-DB7D-48E4-A062-5ECA314E0295}.Debug|x64.ActiveCfg = Debug|x64
		{2C4FDD35-DB7D-48E4-A062-5ECA314E0295}.Debug|x64.Build.0 = Debug|x64
		{2C4FDD35-DB7D-48E4-A062-5ECA314E0295}.Debug|x86.ActiveCfg = Debug|Win32
		{2C4FDD35-DB7D-48E4-A062-5ECA314E0295}.Debug|x86.Build.0 = Debug|Win32
		{2C4FDD35-DB7D-48E4-A062-5ECA314E0295}.Release|x64.ActiveCfg = Release|x64
		{2C4FDD35-DB7D-48E4-A062-5ECA314E0295}.Release|x64.Build.0 = Release|x64
		{2C4FDD35-DB7D-48E4-A062-5ECA314E0295}.Release|x86.ActiveCfg = Release|Win32
		{2C4FDD35-DB7D-48E4-A062-5ECA314E0295}.Release|x86.Build.0 = Release|Win32
		{0A9D07A7-7E15-447D-B87F-F5588E2B3EDA}.Debug|x64.ActiveCfg = Debug|x64
		{0A9D07A7-7E15-447D-B87F-F5588E2B3EDA}.Debug|x64.Build.0 = Debug|x64
		{0A9D07A7-7E15-447D-B87F-F5588E2B3EDA}.Debug|x86.ActiveCfg = Debug|Win32
		{0A9D07A7-7E15-447D-B87F-F5588E2B3EDA}.Debug|x86.Build.0 = Debug|Win32
		{0A9D07A7-7E15-447D-B87F-F5588E2B3EDA}.Release|x64.ActiveCfg = Release|x64
		{0A9D07A7-7E15-447D-B87F-F5588E2B3EDA}.Release|x64.Build.0 = Release|x64
		{0A9D07A7-7E15-447D-B87F-F5588E2B3EDA}.Release|x86.ActiveCfg = Release|Win32
		{0A9D07A7-7E15-447D-B87F-F5588E2B3EDA}.Release|x86.Build.0 = Release|Win32
		{92C82C93-A0E7-4FAF-BD3E-80CF5E1627F2}.Debug|x64.ActiveCfg = Debug|x64
		{92C82C93-A0E7-4FAF-BD3E-80CF5E1627F2}.Debug|x64.Build.0 = Debug|x64
		{92C82C93-A0E7-4FAF-BD3E-80CF5E1627F2}.Debug|x86.ActiveCfg = Debug|Win32
		{92C82C93-A0E7-4FAF-BD3E-80CF5E1627F2}.Debug|x86.Build.0 = Debug|Win32
		{92C82C93-A0E7-4FAF-BD3E-80CF5E1627F2}.Release|x64.ActiveCfg = Release|x64
		{92C82C93-A0E7-4FAF-BD3E-80CF5E1627F2}.Release|x64.Build.0 = Release|x64
		{92C82C93-A0E7-4FAF-BD3E-80CF5E1627F2}.Release|x86.ActiveCfg = Release|Win32
		{92C82C93-A0E7-4FAF-BD3E-80CF5E1627F2}.Release|x86.Build.0 = Release|Win32
		{3F05DA76-C818-4707-80D3-041236702EBD}.Debug|x64.ActiveCfg = Debug|x64
		{3F05DA76-C818-4707-80D3-041236702EBD}.Debug|x64.Build.0 = Debug|x64
		{3F05DA76-C818-4707-80D3-041236702EBD}.Debug|x86.ActiveCfg = Debug|Win32
		{3F05DA76-C818-4707-80D3-041236702EBD}.Debug|x86.Build.0 = Debug|Win32
		{3F05DA76-C818-4707-80D3-041236702EBD}.Release|x64.ActiveCfg = Release|x64
		{3F05DA76-C818-4707-80D3-041236702EBD}.Release|x64.Build.0 = Release|x64
		{3F05DA76-C818-4707-80D3-041236702EBD}.Release|x86.ActiveCfg = Release|Win32
		{3F05DA76-C818-4707-80D3-041236702EBD}.Release|x86.Build.0 = Release|Win32
		{E7436D8C-67A0-4BA1-8999-61BE1DCFB6C3}.Debug|x64.ActiveCfg = Debug|x64
		{E7436D8C-67A0-4BA1-8999-61BE1DCFB6C3}.Debug|x64.Build.0 = Debug|x64
		{E7436D8C-67A0-4BA1-8999-61BE1DCFB6C3}.Debug|x86.ActiveCfg = Debug|Win32
		{E7436D8C-67A0-4BA1-8999-61BE1DCFB6C3}.Debug|x86.Build.0 = Debug|Win32
		{E7436D8C-67A0-4BA1-8999-61BE1DCFB6C3}.Release|x64.ActiveCfg = Release|x64
		{E7436D8C-67A0-4BA1-8999-61BE1DCFB6C3}.Release|x64.Build.0 = Release|x64
		{E7436D8C-67A0-4BA1-8999-61BE1DCFB6C3}.Release|x86.ActiveCfg = Release|Win32
		{E7436D8C-67A0-4BA1-8999-61BE1DCFB6C3}.Release|x86.Build.0 = Release|Win32
		{8E48D498-51B1-4909-9CBE-995AE793571F}.Debug|x64.ActiveCfg = Debug|x64
		{8E48D498-51B1-4909-9CBE-995AE793571F}.Debug|x64.Build.0 = Debug|x64
		{8E48D498-51B1-4909-9CBE-995AE793571F}.Debug|x86.ActiveCfg = Debug|Win32
		{8E48D498-51B1-4909-9CBE-995AE793571F}.Debug|x86.Build.0 = Debug|Win32
		{8E48D498-51B1-4909-9CBE-995AE793571F}.Release|x64.ActiveCfg = Release|x64
		{8E48D498-51B1-4909-9CBE-995AE793571F}.Release|x64.Build.0 = Release|x64
		{8E48D498-51B1-4909-9CBE-995AE793571F}.Release|x86.ActiveCfg = Release|Win32
		{8E48D498-51B1-4909-9CBE-995AE793571F}.Release|x86.Build.0 = Release|Win32
		{F019FDB0-7F88-4437-8925-143DA543AFF2}.Debug|x64.ActiveCfg = Debug|x64
		{F019FDB0-7F88-4437-8925-143DA543AFF2}.Debug|x64.Build.0 = Debug|x64
		{F019FDB0-7F88-4437-8925-143DA543AFF2}.Debug|x86.ActiveCfg = Debug|Win32
		{F019FDB0-7F88-4437-8925-143DA543AFF2}.Debug|x86.Build.0 = Debug|Win32
		{F019FDB0-7F88-4437-8925-143DA543AFF2}.Release|x64.ActiveCfg = Release|x64
		{F019FDB0-7F88-4437-8925-143DA543AFF2}.Release|x64.Build.0 = Release|x64
		{F019FDB0-7F88-4437-8925-143DA543AFF2}.Release|x86.ActiveCfg = Release|Win32
		{F019FDB0-7F88-4437-8925-143DA543AFF2}.Release|x86.Build.0 = Release|Win32
		{309880F1-5A8B-4801-9787-EC17D2D66DAF}.Debug|x64.ActiveCfg = Debug|x64
		{309880F1-5A8B-4801-9787-EC17D2D66DAF}.Debug|x64.Build.0 = Debug|x64
		{309880F1-5A8B-4801-9787-EC17D2D66DAF}.Debug|x86.ActiveCfg = Debug|Win32
		{309880F1-5A8B-4801-9787-EC17D2D66DAF}.Debug|x86.Build.0 = Debug|Win32
		{309880F1-5A8B-4801-9787-EC17D2D66DAF}.Release|x64.ActiveCfg = Release|x64
		{309880F1-5A8B-4801-9787-EC17D2D66DAF}.Release|x64.Build.0 = Release|x64
		{309880F1-5A8B-4801-9787-EC17D2D66DAF}.Release|x86.ActiveCfg = Release|Win32
		{309880F1-5A8B-4801-9787-EC17D2D66DAF}.Release|x86.Build.0 = Release|Win32
		{74062897-AA2D-436A-9A42-E1EF3DFFB328}.Debug|x64.ActiveCfg = Debug|x64
		{74062897-AA2D-436A-9A42-E1EF3DFFB328}.Debug|x64.Build.0 = Debug|x64
		{74062897-AA2D-436A-9A42-E1EF3DFFB328}.Debug|x86.ActiveCfg = Debug|Win32
		{74062897-AA2D-436A-9A42-E1EF3DFFB328}.Debug|x86.Build.0 = Debug|Win32
		{74062897-AA2D-436A-9A42-E1EF3DFFB328}.Release|x64.ActiveCfg = Release|x64
		{74062897-AA2D-436A-9A42-E1EF3DFFB328}.Release|x64.Build.0 = Release|x64
		{74062897-AA2D-436A-9A42-E1EF3DFFB328}.Release|x86.ActiveCfg = Release|Win32
		{74062897-AA2D-436A-9A42-E1EF3DFFB328}.Release|x86.Build.0 = Release|Win32
		{34D40DDE-4F79-4E20-86EA-852EF3F68D25}.Debug|x64.ActiveCfg = Debug|x64
		{34D40DDE-4F79-4E20-86EA-852EF3F68D25}.Debug|x64.Build.0 = Debug|x64
		{34D40DDE-4F79-4E20-86EA-852EF3F68D25}.Debug|x86.ActiveCfg = Debug|Win32
		{34D40DDE-4F79-4E20-86EA-852EF3F68D25}.Debug|x86.Build.0 = Debug|Win32
		{34D40DDE-4F79-4E20-86EA-852EF3F68D25}.Release|x64.ActiveCfg = Release|x64
		{34D40DDE-4F79-4E20-86EA-852EF3F68D25}.Release|x64.Build.0 = Release|x64
		{34D40DDE-4F79-4E20-86EA-852EF3F68D25}.Release|x86.ActiveCfg = Release|Win32
		{34D40DDE-4F79-4E20-86EA-852EF3F68D25}.Release|x86.Build.0 = Release|Win32
		{F1B7C1B1-5A5A-4D16-A23F-48F324F28415}.Debug|x64.ActiveCfg = Debug|x64
		{F1B7C1B1-5A5A-4D16-A23F-48F324F28415}.Debug|x64.Build.0 = Debug|x64
		{F1B7C1B1-5A5A-4D16-A23F-48F324F28415}.Debug|x86.ActiveCfg = Debug|Win32
		{F1B7C1B1-5A5A-4D16-A23F-48F324F28415}.Debug|x86.Build.0 = Debug|Win32
		{F1B7C1B1-5A5A-4D16-A23F-48F324F28415}.Release|x64.ActiveCfg = Release|x64
		{F1B7C1B1-5A5A-4D16-A23F-48F324F28415}.Release|x64.Build.0 = Release|x64
		{F1B7C1B1-5A5A-4D16-A23F-48F324F28415}.Release|x86.ActiveCfg = Release|Win32
		{F1B7C1B1-5A5A-4D16-A23F-48F324F28415}.Release|x86.Build.0 = Release|Win32
		{ACCB3263-1D2B-4DE2-B4AF-8620F5A1561B}.Debug|x64.ActiveCfg = Debug|x64
		{ACCB3263-1D2B-4DE2-B4AF-8620F5A1561B}.Debug|x64.Build.0 = Debug|x64
		{ACCB3263-1D2B-4DE2-B4AF-8620F5A1561B}.Debug|x86.ActiveCfg = Debug|Win32
		{ACCB3263-1D2B-4DE2-B4AF-8620F5A1561B}.Debug|x86.Build.0 = Debug|Win32
		{ACCB3263-1D2B-4DE2-B4AF-8620F5A1561B}.Release|x64.ActiveCfg = Release|x64
		{ACCB3263-1D2B-4DE2-B4AF-8620F5A1561B}.Release|x64.Build.0 = Release|x64
		{ACCB3263-1D2B-4DE2-B4AF-8620F5A1561B}.Release|x86.ActiveCfg = Release|Win32
		{ACCB3263-1D2B-4DE2-B4AF-8620F5A1561B}.Release|x86.Build.0 = Release|Win32
		{F4847D83-6ACC-4659-8270-BEACA01684F5}.Debug|x64.ActiveCfg = Debug|x64
		{F4847D83-6ACC-4659-8270-BEACA01684F5}.Debug|x64.Build.0 = Debug|x64
		{F4847D83-6ACC-4659-8270-BEACA01684F5}.Debug|x86.ActiveCfg = Debug|Win32
		{F4847D83-6ACC-4659-8270-BEACA01684F5}.Debug|x86.Build.0 = Debug|Win32
		{F4847D83-6ACC-4659-8270-BEACA01684F5}.Release|x64.ActiveCfg = Release|x64
		{F4847D83-6ACC-4659-8270-BEACA01684F5}.Release|x64.Build.0 = Release|x64
		{F4847D83-6ACC-4659-8270-BEACA01684F5}.Release|x86.ActiveCfg = Release|Win32
		{F4847D83-6ACC-4659-8270-BEACA01684F5}.Release|x86.Build.0 = Release|Win32
		{0DAA2CD9-6D55-4A49-B60A-BB0E92DF1F3D}.Debug|x64.ActiveCfg = Debug|x64
		{0DAA2CD9-6D55-4A49-B60A-BB0E92DF1F3D}.Debug|x64.Build.0 = Debug|x64
		{0DAA2CD9-6D55-4A49-B60A-BB0E92DF1F3D}.Debug|x86.ActiveCfg = Debug|Win32
		{0DAA2CD9-6D55-4A49-B60A-BB0E92DF1F3D}.Debug|x86.Build.0 = Debug|Win32
		{0DAA2CD9-6D55-4A49-B60A-BB0E92DF1F3D}.Release|x64.ActiveCfg = Release|x64
		{0DAA2CD9-6D55-4A49-B60A-BB0E92DF1F3D}.Release|x64.Build.0 = Release|x64
		{0DAA2CD9-6D55-4A49-B60A-BB0E92DF1F3D}.Release|x86.ActiveCfg = Release|Win32
		{0DAA2CD9-6D55-4A49-B60A-BB0E92DF1F3D}.Release|x86.Build.0 = Release|Win32
		{86485409-9968-4C0C-9702-A89600EE9948}.Debug|x64.ActiveCfg = Debug|x64
		{86485409-9968-4C0C-9702-A89600EE9948}.Debug|x64.Build.0 = Debug|x64
		{86485409-9968-4C0C-9702-A89600EE9948}.Debug|x86.ActiveCfg = Debug|Win32
		{86485409-9968-4C0C-9702-A89600EE9948}.Debug|x86.Build.0 = Debug|Win32
		{86485409-9968-4C0C-9702-A89600EE9948}.Release|x64.ActiveCfg = Release|x64
		{86485409-9968-4C0C-9702-A89600EE9948}.Release|x64.Build.0 = Release|x64
		{86485409-9968-4C0C-9702-A89600EE9948}.Release|x86.ActiveCfg = Release|Win32
		{86485409-9968-4C0C-9702-A89600EE9948}.Release|x86.Build.0 = Release|Win32
		{45333467-5CCC-4D4F-9926-549A85E08350}.Debug|x64.ActiveCfg = Debug|x64
		{45333467-5CCC-4D4F-9926-549A85E08350}.Debug|x64.Build.0 = Debug|x64
		{45333467-5CCC-4D4F-9926-549A85E08350}.Debug|x86.ActiveCfg = Debug|Win32
		{45333467-5CCC-4D4F-9926-549A85E08350}.Debug|x86.Build.0 = Debug|Win32
		{45333467-5CCC-4D4F-9926-549A85E08350}.Release|x64.ActiveCfg = Release|x64
		{45333467-5CCC-4D4F-9926-549A85E08350}.Release|x64.Build.0 = Release|x64
		{45333467-5CCC-4D4F-9926-549A85E08350}.Release|x86.ActiveCfg = Release|Win32
		{45333467-5CCC-4D4F-9926-549A85E08350}.Release|x86.Build.0 = Release|Win32
		{B86E3FD0-3BA5-4F1D-9D7E-6EE6BD38FEDE}.Debug|x64.ActiveCfg = Debug|x64
		{B86E3FD0-3BA5-4F1D-9D7E-6EE6BD38FEDE}.Debug|x64.Build.0 = Debug|x64
		{B86E3FD0-3BA5-4F1D-9D7E-6EE6BD38FEDE}.Debug|x86.ActiveCfg = Debug|Win32
		{B86E3FD0-3BA5-4F1D-9D7E-6EE6BD38FEDE}.Debug|x86.Build.0 = Debug|Win32
		{B86E3FD0-3BA5-4F1D-9D7E-6EE6BD38FEDE}.Release|x64.ActiveCfg = Release|x64
		{B86E3FD0-3BA5-4F1D-9D7E-6EE6BD38FEDE}.Release|x64.Build.0 = Release|x64
		{B86E3FD0-3BA5-4F1D-9D7E-6EE6BD38FEDE}.Release|x86.ActiveCfg = Release|Win32
		{B86E3FD0-3BA5-4F1D-9D7E-6EE6BD38FEDE}.Release|x86.Build.0 = Release|Win32
		{939D264B-F48C-4C1E-B934-DCE7EF3232E1}.Debug|x64.ActiveCfg = Debug|x64
		{939D264B-F48C-4C1E-B934-DCE7EF3232E1}.Debug|x64.Build.0 = Debug|x64
		{939D264B-F48C-4C1E-B934-DCE7EF3232E1}.Debug|x86.ActiveCfg = Debug|Win32
		{939D264B-F48C-4C1E-B934-DCE7EF3232E1}.Debug|x86.Build.0 = Debug|Win32
		{939D264B-F48C-4C1E-B934-DCE7EF3232E1}.Release|x64.ActiveCfg = Release|x64
		{939D264B-F48C-4C1E-B934-DCE7EF3232E1}.Release|x64.Build.0 = Release|x64
		{939D264B-F48C-4C1E-B934-DCE7EF3232E1}.Release|x86.ActiveCfg = Release|Win32
		{939D264B-F48C-4C1E-B934-DCE7EF3232E1}.Release|x86.Build.0 = Release|Win32
		{496C66A1-AFDD-4A84-8899-FDE255A7932A}.Debug|x64.ActiveCfg = Debug|x64
		{496C66A1-AFDD-4A84-8899-FDE255A7932A}.Debug|x64.Build.0 = Debug|x64
		{496C66A1-AFDD-4A84-8899-FDE255A7932A}.Debug|x86.ActiveCfg = Debug|Win32
		{496C66A1-AFDD-4A84-8899-FDE255A7932A}.Debug|x86.Build.0 = Debug|Win32
		{496C66A1-AFDD-4A84-8899-FDE255A7932A}.Release|x64.ActiveCfg = Release|x64
		{496C66A1-AFDD-4A84-8899-FDE255A7932A}.Release|x64.Build.0 = Release|x64
		{496C66A1-AFDD-4A84-8899-FDE255A7932A}.Release|x86.ActiveCfg = Release|Win32
		{496C66A1-AFDD-4A84-8899-FDE255A7932A}.Release|x86.Build.0 = Release|Win32
		{5DE8A7A8-498E-4D15-8E7D-17D2FCBFDDA1}.Debug|x64.ActiveCfg = Debug|x64
		{5DE8A7A8-498E-4D15-8E7D-17D2FCBFDDA1}.Debug|x64.Build.0 = Debug|x64
		{5DE8A7A8-498E-4D15-8E7D-17D2FCBFDDA1}.Debug|x86.ActiveCfg = Debug|Win32
		{5DE8A7A8-498E-4D15-8E7D-17D2FCBFDDA1}.Debug|x86.Build.0 = Debug|Win32
		{5DE8A7A8-498E-4D15-8E7D-17D2FCBFDDA1}.Release|x64.ActiveCfg = Release|x64
		{5DE8A7A8-498E-4D15-8E7D-17D2FCBFDDA1}.Release|x64.Build.0 = Release|x64
		{5DE8A7A8-498E-4D15-8E7D-17D2FCBFDDA1}.Release|x86.ActiveCfg = Release|Win32
		{5DE8A7A8-498E-4D15-8E7D-17D2FCBFDDA1}.Release|x86.Build.0 = Release|Win32
	EndGlobalSection
	GlobalSection(SolutionProperties) = preSolution
		HideSolutionNode = FALSE
	EndGlobalSection
	GlobalSection(NestedProjects) = preSolution
		{E49C137D-4809-4E20-BDC9-1F317E12136F} = {9E657431-A4EE-42A3-B198-744B99C8C821}
		{3CBE4BB5-909B-48CB-8008-1FE7EC481740} = {9E657431-A4EE-42A3-B198-744B99C8C821}
		{10ECFAA9-9B3D-49CC-B88D-5CC4FD8E9A97} = {9E657431-A4EE-42A3-B198-744B99C8C821}
		{8372CA84-20CB-42CB-89EA-D65ED6CFB1CB} = {9E657431-A4EE-42A3-B198-744B99C8C821}
		{967E0D58-59B1-4F90-BEAB-4D1B58231BBC} = {9E657431-A4EE-42A3-B198-744B99C8C821}
		{EE415F2C-3BA4-4AAE-BBCC-B5CE78959038} = {9E657431-A4EE-42A3-B198-744B99C8C821}
		{51898944-1FA4-4C41-AD6B-3C57257BB1FF} = {9E657431-A4EE-42A3-B198-744B99C8C821}
		{6924D828-CDC6-4AEE-AE17-A1323F3B9F2E} = {900E5D8D-D1AA-4490-81DA-DB4FE38B5AAF}
		{0098A987-9FF2-4E5B-8137-FA964DF8AB91} = {900E5D8D-D1AA-4490-81DA-DB4FE38B5AAF}
		{2B318286-9890-4FB8-B32E-277006DFA816} = {900E5D8D-D1AA-4490-81DA-DB4FE38B5AAF}
		{BBA4EBB2-D82B-4435-AAB0-4599CEDB346A} = {900E5D8D-D1AA-4490-81DA-DB4FE38B5AAF}
		{9B1963B1-4127-461E-9492-E59EE5D45BE9} = {900E5D8D-D1AA-4490-81DA-DB4FE38B5AAF}
		{A9FB984E-CA90-4EBF-A612-CC9FE0479938} = {900E5D8D-D1AA-4490-81DA-DB4FE38B5AAF}
		{DB712E3E-58BF-44C4-AABD-97F30014F8DE} = {900E5D8D-D1AA-4490-81DA-DB4FE38B5AAF}
		{EBF0C596-E8C8-425F-B6C6-F9A63FCA1A8C} = {900E5D8D-D1AA-4490-81DA-DB4FE38B5AAF}
		{0BEB65B2-5971-4B8F-AD05-3AB3C0D7F423} = {900E5D8D-D1AA-4490-81DA-DB4FE38B5AAF}
		{C0F3447D-DF90-4A09-8AB9-05E37881E950} = {900E5D8D-D1AA-4490-81DA-DB4FE38B5AAF}
		{738AB943-2F13-44CC-8453-A41D48121A71} = {256CB370-375E-4A12-B91C-5853C4B6699B}
		{963861AD-C1F9-4E4A-AA4C-E14DA5ACB189} = {256CB370-375E-4A12-B91C-5853C4B6699B}
		{96CF10CE-D90C-4FFB-8F4D-B6A8F94B9E9F} = {256CB370-375E-4A12-B91C-5853C4B6699B}
		{30E11298-93BE-4701-8FC7-0DB3D68021D3} = {256CB370-375E-4A12-B91C-5853C4B6699B}
		{4D08BE00-F644-4DA9-80E2-3DA5A5C9C717} = {256CB370-375E-4A12-B91C-5853C4B6699B}
		{7E2E7A8E-5ED5-4F26-AB1D-E6D7300ED8B6} = {256CB370-375E-4A12-B91C-5853C4B6699B}
		{C2335B08-D726-4E71-A327-16E4A6207698} = {256CB370-375E-4A12-B91C-5853C4B6699B}
		{28DB57B0-D5BA-4A16-A168-C64DF2FD3AE4} = {256CB370-375E-4A12-B91C-5853C4B6699B}
		{5034118A-59BB-4129-BF52-E7EEAA8D6E68} = {256CB370-375E-4A12-B91C-5853C4B6699B}
		{7F73C754-B054-4BD7-8640-DB03156F1D53} = {256CB370-375E-4A12-B91C-5853C4B6699B}
		{7AD6E5A3-9918-4B05-A6FB-EA7BAD8423DB} = {256CB370-375E-4A12-B91C-5853C4B6699B}
		{74C19B08-712F-4586-9E6B-69E5F4E54A14} = {256CB370-375E-4A12-B91C-5853C4B6699B}
		{7E245642-E1E8-4A3B-8219-9152354DA205} = {256CB370-375E-4A12-B91C-5853C4B6699B}
		{411C8A01-3F5E-4186-8AFD-8F9BD03BB573} = {256CB370-375E-4A12-B91C-5853C4B6699B}
		{39563DAC-3FDE-42DD-8645-82F694CC6C26} = {256CB370-375E-4A12-B91C-5853C4B6699B}
		{46E3D63B-3963-42F0-835B-182AE6669C64} = {256CB370-375E-4A12-B91C-5853C4B6699B}
		{D51C4AD5-8386-4677-B7FC-7B93A216AE51} = {256CB370-375E-4A12-B91C-5853C4B6699B}
		{874FB9EC-7672-4611-A53A-B80F6434F740} = {256CB370-375E-4A12-B91C-5853C4B6699B}
		{1EBF888B-0AEB-4E36-AFF5-2AF3C05AB14C} = {256CB370-375E-4A12-B91C-5853C4B6699B}
		{125C0C8C-8C67-4959-8779-15F6D769060D} = {256CB370-375E-4A12-B91C-5853C4B6699B}
		{B06F54A4-F712-442B-88CF-FD3B16958DEC} = {256CB370-375E-4A12-B91C-5853C4B6699B}
		{16BC033E-6152-4756-9DA1-1030A92C892C} = {256CB370-375E-4A12-B91C-5853C4B6699B}
		{996F6F92-026D-4EF9-B3C9-53378855D253} = {256CB370-375E-4A12-B91C-5853C4B6699B}
		{3EBE763C-8D2D-47D4-90E8-C7B758EBC5F1} = {E7EA35CC-42F2-4EE5-B633-0D442F4CC73B}
		{BF4C32BA-F1F2-44F0-8F91-506BFE977FA9} = {E7EA35CC-42F2-4EE5-B633-0D442F4CC73B}
		{D12D91E0-26FD-4736-AC9B-40C536054197} = {E7EA35CC-42F2-4EE5-B633-0D442F4CC73B}
		{E8CD4AF7-050F-4260-995B-37F1E58A1E9E} = {B6CE3467-54BC-4EE3-98B1-A8FA43306F1C}
		{16D56A89-1A81-49F7-9342-CA7DC1557D64} = {B6CE3467-54BC-4EE3-98B1-A8FA43306F1C}
		{2C4FDD35-DB7D-48E4-A062-5ECA314E0295} = {B6CE3467-54BC-4EE3-98B1-A8FA43306F1C}
		{0A9D07A7-7E15-447D-B87F-F5588E2B3EDA} = {B6CE3467-54BC-4EE3-98B1-A8FA43306F1C}
		{92C82C93-A0E7-4FAF-BD3E-80CF5E1627F2} = {B6CE3467-54BC-4EE3-98B1-A8FA43306F1C}
		{3F05DA76-C818-4707-80D3-041236702EBD} = {B6CE3467-54BC-4EE3-98B1-A8FA43306F1C}
		{E7436D8C-67A0-4BA1-8999-61BE1DCFB6C3} = {B6CE3467-54BC-4EE3-98B1-A8FA43306F1C}
		{8E48D498-51B1-4909-9CBE-995AE793571F} = {B6CE3467-54BC-4EE3-98B1-A8FA43306F1C}
		{F019FDB0-7F88-4437-8925-143DA543AFF2} = {B6CE3467-54BC-4EE3-98B1-A8FA43306F1C}
		{309880F1-5A8B-4801-9787-EC17D2D66DAF} = {B6CE3467-54BC-4EE3-98B1-A8FA43306F1C}
		{74062897-AA2D-436A-9A42-E1EF3DFFB328} = {B6CE3467-54BC-4EE3-98B1-A8FA43306F1C}
		{34D40DDE-4F79-4E20-86EA-852EF3F68D25} = {B6CE3467-54BC-4EE3-98B1-A8FA43306F1C}
		{F1B7C1B1-5A5A-4D16-A23F-48F324F28415} = {B6CE3467-54BC-4EE3-98B1-A8FA43306F1C}
		{ACCB3263-1D2B-4DE2-B4AF-8620F5A1561B} = {B6CE3467-54BC-4EE3-98B1-A8FA43306F1C}
		{F4847D83-6ACC-4659-8270-BEACA01684F5} = {B6CE3467-54BC-4EE3-98B1-A8FA43306F1C}
		{0DAA2CD9-6D55-4A49-B60A-BB0E92DF1F3D} = {B6CE3467-54BC-4EE3-98B1-A8FA43306F1C}
		{86485409-9968-4C0C-9702-A89600EE9948} = {B6CE3467-54BC-4EE3-98B1-A8FA43306F1C}
		{45333467-5CCC-4D4F-9926-549A85E08350} = {4706B29B-48ED-4946-A2A0-74BD624EA016}
		{B86E3FD0-3BA5-4F1D-9D7E-6EE6BD38FEDE} = {4706B29B-48ED-4946-A2A0-74BD624EA016}
		{939D264B-F48C-4C1E-B934-DCE7EF3232E1} = {4706B29B-48ED-4946-A2A0-74BD624EA016}
		{496C66A1-AFDD-4A84-8899-FDE255A7932A} = {4706B29B-48ED-4946-A2A0-74BD624EA016}
		{5DE8A7A8-498E-4D15-8E7D-17D2FCBFDDA1} = {4706B29B-48ED-4946-A2A0-74BD624EA016}
	EndGlobalSection
	GlobalSection(ExtensibilityGlobals) = postSolution
		SolutionGuid = {7DEABC78-F0BD-45EA-A674-5B4ECFFB9A89}
	EndGlobalSection
EndGlobal
